// !$*UTF8*$!
{
	archiveVersion = 1;
	classes = {
	};
	objectVersion = 48;
	objects = {

/* Begin PBXBuildFile section */
		301AA50E2024ED3D00B53E15 /* MModel.framework in Frameworks */ = {isa = PBXBuildFile; fileRef = 301AA5052024ED3D00B53E15 /* MModel.framework */; };
		301AA5152024ED3D00B53E15 /* MModelTests.swift in Sources */ = {isa = PBXBuildFile; fileRef = 301AA5142024ED3D00B53E15 /* MModelTests.swift */; };
		301AA5172024ED3D00B53E15 /* MModel.h in Headers */ = {isa = PBXBuildFile; fileRef = 301AA5072024ED3D00B53E15 /* MModel.h */; settings = {ATTRIBUTES = (Public, ); }; };
		301AA51A2024ED3D00B53E15 /* MModel.framework in Frameworks */ = {isa = PBXBuildFile; fileRef = 301AA5052024ED3D00B53E15 /* MModel.framework */; };
		301AA51B2024ED3D00B53E15 /* MModel.framework in Embed Frameworks */ = {isa = PBXBuildFile; fileRef = 301AA5052024ED3D00B53E15 /* MModel.framework */; settings = {ATTRIBUTES = (CodeSignOnCopy, RemoveHeadersOnCopy, ); }; };
		301AA5222024ED7000B53E15 /* Network.swift in Sources */ = {isa = PBXBuildFile; fileRef = 30437C542024E352005B9989 /* Network.swift */; };
		301AA5232024ED7000B53E15 /* NetworkError.swift in Sources */ = {isa = PBXBuildFile; fileRef = 30437C562024E356005B9989 /* NetworkError.swift */; };
		301AA5242024ED7000B53E15 /* Networking.swift in Sources */ = {isa = PBXBuildFile; fileRef = 30437C552024E354005B9989 /* Networking.swift */; };
		301AA5252024ED7000B53E15 /* LocalizedString.swift in Sources */ = {isa = PBXBuildFile; fileRef = 301AA4FD2024E80900B53E15 /* LocalizedString.swift */; };
		301AA5282024ED9000B53E15 /* Alamofire.framework in Frameworks */ = {isa = PBXBuildFile; fileRef = 30437BEB2024A4F8005B9989 /* Alamofire.framework */; };
		301AA5292024ED9000B53E15 /* Himotoki.framework in Frameworks */ = {isa = PBXBuildFile; fileRef = 30437BE62024A4F8005B9989 /* Himotoki.framework */; };
		301AA52A2024ED9000B53E15 /* ReactiveSwift.framework in Frameworks */ = {isa = PBXBuildFile; fileRef = 30437BEA2024A4F8005B9989 /* ReactiveSwift.framework */; };
		301AA52B2024ED9000B53E15 /* Result.framework in Frameworks */ = {isa = PBXBuildFile; fileRef = 30437BE52024A4F7005B9989 /* Result.framework */; };
		301AA5302024EDC800B53E15 /* MModel.framework in Frameworks */ = {isa = PBXBuildFile; fileRef = 301AA5052024ED3D00B53E15 /* MModel.framework */; };
		301AA5312024EDEB00B53E15 /* NetworkSpec.swift in Sources */ = {isa = PBXBuildFile; fileRef = 30437C5A2024E41D005B9989 /* NetworkSpec.swift */; };
		301AA5322024EE0100B53E15 /* Alamofire.framework in Frameworks */ = {isa = PBXBuildFile; fileRef = 30437BEB2024A4F8005B9989 /* Alamofire.framework */; };
		301AA5332024EE0100B53E15 /* Himotoki.framework in Frameworks */ = {isa = PBXBuildFile; fileRef = 30437BE62024A4F8005B9989 /* Himotoki.framework */; };
		301AA5342024EE0100B53E15 /* ReactiveSwift.framework in Frameworks */ = {isa = PBXBuildFile; fileRef = 30437BEA2024A4F8005B9989 /* ReactiveSwift.framework */; };
		301AA5352024EE0100B53E15 /* Result.framework in Frameworks */ = {isa = PBXBuildFile; fileRef = 30437BE52024A4F7005B9989 /* Result.framework */; };
		301AA53E2024F3AF00B53E15 /* Alamofire.framework in CopyFiles */ = {isa = PBXBuildFile; fileRef = 30437BEB2024A4F8005B9989 /* Alamofire.framework */; settings = {ATTRIBUTES = (CodeSignOnCopy, RemoveHeadersOnCopy, ); }; };
		301AA53F2024F3AF00B53E15 /* Himotoki.framework in CopyFiles */ = {isa = PBXBuildFile; fileRef = 30437BE62024A4F8005B9989 /* Himotoki.framework */; settings = {ATTRIBUTES = (CodeSignOnCopy, RemoveHeadersOnCopy, ); }; };
		301AA5402024F3AF00B53E15 /* Nimble.framework in CopyFiles */ = {isa = PBXBuildFile; fileRef = 30437BE92024A4F8005B9989 /* Nimble.framework */; settings = {ATTRIBUTES = (CodeSignOnCopy, RemoveHeadersOnCopy, ); }; };
		301AA5412024F3AF00B53E15 /* Quick.framework in CopyFiles */ = {isa = PBXBuildFile; fileRef = 30437BEC2024A4F8005B9989 /* Quick.framework */; settings = {ATTRIBUTES = (CodeSignOnCopy, RemoveHeadersOnCopy, ); }; };
		301AA5422024F3AF00B53E15 /* ReactiveCocoa.framework in CopyFiles */ = {isa = PBXBuildFile; fileRef = 30437BE82024A4F8005B9989 /* ReactiveCocoa.framework */; settings = {ATTRIBUTES = (CodeSignOnCopy, RemoveHeadersOnCopy, ); }; };
		301AA5432024F3AF00B53E15 /* ReactiveSwift.framework in CopyFiles */ = {isa = PBXBuildFile; fileRef = 30437BEA2024A4F8005B9989 /* ReactiveSwift.framework */; settings = {ATTRIBUTES = (CodeSignOnCopy, RemoveHeadersOnCopy, ); }; };
		301AA5442024F3AF00B53E15 /* Result.framework in CopyFiles */ = {isa = PBXBuildFile; fileRef = 30437BE52024A4F7005B9989 /* Result.framework */; settings = {ATTRIBUTES = (CodeSignOnCopy, RemoveHeadersOnCopy, ); }; };
		301AA5452024F44C00B53E15 /* MModel.framework in Frameworks */ = {isa = PBXBuildFile; fileRef = 301AA5052024ED3D00B53E15 /* MModel.framework */; };
		301AA5462024F44E00B53E15 /* MModel.framework in Frameworks */ = {isa = PBXBuildFile; fileRef = 301AA5052024ED3D00B53E15 /* MModel.framework */; };
		301AA5482024FC3100B53E15 /* ViewModeling.swift in Sources */ = {isa = PBXBuildFile; fileRef = 301AA5472024FC3100B53E15 /* ViewModeling.swift */; };
		301AA54A2024FC6A00B53E15 /* ViewModel.swift in Sources */ = {isa = PBXBuildFile; fileRef = 301AA5492024FC6A00B53E15 /* ViewModel.swift */; };
		301AA54D2024FD6900B53E15 /* MModeling.swift in Sources */ = {isa = PBXBuildFile; fileRef = 301AA54C2024FD6900B53E15 /* MModeling.swift */; };
		301AA54F2024FF5000B53E15 /* MModel.swift in Sources */ = {isa = PBXBuildFile; fileRef = 301AA54E2024FF5000B53E15 /* MModel.swift */; };
		301AA5512025043A00B53E15 /* MyViewController.swift in Sources */ = {isa = PBXBuildFile; fileRef = 301AA5502025043A00B53E15 /* MyViewController.swift */; };
		30437B5120249A4E005B9989 /* AppDelegate.swift in Sources */ = {isa = PBXBuildFile; fileRef = 30437B5020249A4E005B9989 /* AppDelegate.swift */; };
		30437B5620249A4E005B9989 /* Main.storyboard in Resources */ = {isa = PBXBuildFile; fileRef = 30437B5420249A4E005B9989 /* Main.storyboard */; };
		30437B5820249A4E005B9989 /* Assets.xcassets in Resources */ = {isa = PBXBuildFile; fileRef = 30437B5720249A4E005B9989 /* Assets.xcassets */; };
		30437B5B20249A4E005B9989 /* LaunchScreen.storyboard in Resources */ = {isa = PBXBuildFile; fileRef = 30437B5920249A4E005B9989 /* LaunchScreen.storyboard */; };
		30437B6620249A4E005B9989 /* TemplateTests.swift in Sources */ = {isa = PBXBuildFile; fileRef = 30437B6520249A4E005B9989 /* TemplateTests.swift */; };
		30437BA120249B02005B9989 /* ViewModel.framework in Frameworks */ = {isa = PBXBuildFile; fileRef = 30437B9820249B01005B9989 /* ViewModel.framework */; };
		30437BA820249B02005B9989 /* ViewModelTests.swift in Sources */ = {isa = PBXBuildFile; fileRef = 30437BA720249B02005B9989 /* ViewModelTests.swift */; };
		30437BAA20249B02005B9989 /* ViewModel.h in Headers */ = {isa = PBXBuildFile; fileRef = 30437B9A20249B01005B9989 /* ViewModel.h */; settings = {ATTRIBUTES = (Public, ); }; };
		30437BAD20249B02005B9989 /* ViewModel.framework in Frameworks */ = {isa = PBXBuildFile; fileRef = 30437B9820249B01005B9989 /* ViewModel.framework */; };
		30437BAE20249B02005B9989 /* ViewModel.framework in Embed Frameworks */ = {isa = PBXBuildFile; fileRef = 30437B9820249B01005B9989 /* ViewModel.framework */; settings = {ATTRIBUTES = (CodeSignOnCopy, RemoveHeadersOnCopy, ); }; };
		30437BC320249B12005B9989 /* VView.framework in Frameworks */ = {isa = PBXBuildFile; fileRef = 30437BBA20249B12005B9989 /* VView.framework */; };
		30437BCA20249B12005B9989 /* VViewTests.swift in Sources */ = {isa = PBXBuildFile; fileRef = 30437BC920249B12005B9989 /* VViewTests.swift */; };
		30437BCC20249B12005B9989 /* VView.h in Headers */ = {isa = PBXBuildFile; fileRef = 30437BBC20249B12005B9989 /* VView.h */; settings = {ATTRIBUTES = (Public, ); }; };
		30437BCF20249B12005B9989 /* VView.framework in Frameworks */ = {isa = PBXBuildFile; fileRef = 30437BBA20249B12005B9989 /* VView.framework */; };
		30437BD020249B12005B9989 /* VView.framework in Embed Frameworks */ = {isa = PBXBuildFile; fileRef = 30437BBA20249B12005B9989 /* VView.framework */; settings = {ATTRIBUTES = (CodeSignOnCopy, RemoveHeadersOnCopy, ); }; };
		30437BDD20249CA3005B9989 /* ViewModel.framework in Frameworks */ = {isa = PBXBuildFile; fileRef = 30437B9820249B01005B9989 /* ViewModel.framework */; };
		30437BDF20249CEB005B9989 /* ViewModel.framework in Frameworks */ = {isa = PBXBuildFile; fileRef = 30437B9820249B01005B9989 /* ViewModel.framework */; };
		30437BE120249CF9005B9989 /* VView.framework in Frameworks */ = {isa = PBXBuildFile; fileRef = 30437BBA20249B12005B9989 /* VView.framework */; };
		30437BE220249CF9005B9989 /* ViewModel.framework in Frameworks */ = {isa = PBXBuildFile; fileRef = 30437B9820249B01005B9989 /* ViewModel.framework */; };
		30437BF12024A544005B9989 /* ReactiveCocoa.framework in Frameworks */ = {isa = PBXBuildFile; fileRef = 30437BE82024A4F8005B9989 /* ReactiveCocoa.framework */; };
		30437BF22024A546005B9989 /* Result.framework in Frameworks */ = {isa = PBXBuildFile; fileRef = 30437BE52024A4F7005B9989 /* Result.framework */; };
		30437BF32024A54E005B9989 /* ReactiveCocoa.framework in Frameworks */ = {isa = PBXBuildFile; fileRef = 30437BE82024A4F8005B9989 /* ReactiveCocoa.framework */; };
		30437BF42024A550005B9989 /* Result.framework in Frameworks */ = {isa = PBXBuildFile; fileRef = 30437BE52024A4F7005B9989 /* Result.framework */; };
		30437BF52024A58F005B9989 /* Swinject.framework in Frameworks */ = {isa = PBXBuildFile; fileRef = 30437BE72024A4F8005B9989 /* Swinject.framework */; };
		30437C012024A5D5005B9989 /* Nimble.framework in Frameworks */ = {isa = PBXBuildFile; fileRef = 30437BE92024A4F8005B9989 /* Nimble.framework */; };
		30437C022024A5D5005B9989 /* Quick.framework in Frameworks */ = {isa = PBXBuildFile; fileRef = 30437BEC2024A4F8005B9989 /* Quick.framework */; };
		30437C032024A5D5005B9989 /* ReactiveCocoa.framework in Frameworks */ = {isa = PBXBuildFile; fileRef = 30437BE82024A4F8005B9989 /* ReactiveCocoa.framework */; };
		30437C052024A5F5005B9989 /* Alamofire.framework in Copy Frameworks */ = {isa = PBXBuildFile; fileRef = 30437BEB2024A4F8005B9989 /* Alamofire.framework */; settings = {ATTRIBUTES = (CodeSignOnCopy, RemoveHeadersOnCopy, ); }; };
		30437C062024A5F5005B9989 /* Himotoki.framework in Copy Frameworks */ = {isa = PBXBuildFile; fileRef = 30437BE62024A4F8005B9989 /* Himotoki.framework */; settings = {ATTRIBUTES = (CodeSignOnCopy, RemoveHeadersOnCopy, ); }; };
		30437C072024A5F5005B9989 /* Nimble.framework in Copy Frameworks */ = {isa = PBXBuildFile; fileRef = 30437BE92024A4F8005B9989 /* Nimble.framework */; settings = {ATTRIBUTES = (CodeSignOnCopy, RemoveHeadersOnCopy, ); }; };
		30437C082024A5F5005B9989 /* Quick.framework in Copy Frameworks */ = {isa = PBXBuildFile; fileRef = 30437BEC2024A4F8005B9989 /* Quick.framework */; settings = {ATTRIBUTES = (CodeSignOnCopy, RemoveHeadersOnCopy, ); }; };
		30437C092024A5F5005B9989 /* ReactiveCocoa.framework in Copy Frameworks */ = {isa = PBXBuildFile; fileRef = 30437BE82024A4F8005B9989 /* ReactiveCocoa.framework */; settings = {ATTRIBUTES = (CodeSignOnCopy, RemoveHeadersOnCopy, ); }; };
		30437C0A2024A5F5005B9989 /* Result.framework in Copy Frameworks */ = {isa = PBXBuildFile; fileRef = 30437BE52024A4F7005B9989 /* Result.framework */; settings = {ATTRIBUTES = (CodeSignOnCopy, RemoveHeadersOnCopy, ); }; };
		30437C0B2024A62C005B9989 /* Nimble.framework in Frameworks */ = {isa = PBXBuildFile; fileRef = 30437BE92024A4F8005B9989 /* Nimble.framework */; };
		30437C0C2024A62C005B9989 /* Quick.framework in Frameworks */ = {isa = PBXBuildFile; fileRef = 30437BEC2024A4F8005B9989 /* Quick.framework */; };
		30437C0D2024A62C005B9989 /* ReactiveCocoa.framework in Frameworks */ = {isa = PBXBuildFile; fileRef = 30437BE82024A4F8005B9989 /* ReactiveCocoa.framework */; };
		30437C0E2024A62C005B9989 /* Result.framework in Frameworks */ = {isa = PBXBuildFile; fileRef = 30437BE52024A4F7005B9989 /* Result.framework */; };
		30437C102024A647005B9989 /* Alamofire.framework in Copy Frameworks */ = {isa = PBXBuildFile; fileRef = 30437BEB2024A4F8005B9989 /* Alamofire.framework */; settings = {ATTRIBUTES = (CodeSignOnCopy, RemoveHeadersOnCopy, ); }; };
		30437C112024A647005B9989 /* Himotoki.framework in Copy Frameworks */ = {isa = PBXBuildFile; fileRef = 30437BE62024A4F8005B9989 /* Himotoki.framework */; settings = {ATTRIBUTES = (CodeSignOnCopy, RemoveHeadersOnCopy, ); }; };
		30437C122024A647005B9989 /* Nimble.framework in Copy Frameworks */ = {isa = PBXBuildFile; fileRef = 30437BE92024A4F8005B9989 /* Nimble.framework */; settings = {ATTRIBUTES = (CodeSignOnCopy, RemoveHeadersOnCopy, ); }; };
		30437C132024A647005B9989 /* Quick.framework in Copy Frameworks */ = {isa = PBXBuildFile; fileRef = 30437BEC2024A4F8005B9989 /* Quick.framework */; settings = {ATTRIBUTES = (CodeSignOnCopy, RemoveHeadersOnCopy, ); }; };
		30437C142024A647005B9989 /* ReactiveCocoa.framework in Copy Frameworks */ = {isa = PBXBuildFile; fileRef = 30437BE82024A4F8005B9989 /* ReactiveCocoa.framework */; settings = {ATTRIBUTES = (CodeSignOnCopy, RemoveHeadersOnCopy, ); }; };
		30437C152024A647005B9989 /* Result.framework in Copy Frameworks */ = {isa = PBXBuildFile; fileRef = 30437BE52024A4F7005B9989 /* Result.framework */; settings = {ATTRIBUTES = (CodeSignOnCopy, RemoveHeadersOnCopy, ); }; };
		30437C162024A66A005B9989 /* Nimble.framework in Frameworks */ = {isa = PBXBuildFile; fileRef = 30437BE92024A4F8005B9989 /* Nimble.framework */; };
		30437C172024A66A005B9989 /* Quick.framework in Frameworks */ = {isa = PBXBuildFile; fileRef = 30437BEC2024A4F8005B9989 /* Quick.framework */; };
		30437C182024A66A005B9989 /* Swinject.framework in Frameworks */ = {isa = PBXBuildFile; fileRef = 30437BE72024A4F8005B9989 /* Swinject.framework */; };
		30437C1A2024A690005B9989 /* Nimble.framework in Copy Frameworks */ = {isa = PBXBuildFile; fileRef = 30437BE92024A4F8005B9989 /* Nimble.framework */; settings = {ATTRIBUTES = (CodeSignOnCopy, RemoveHeadersOnCopy, ); }; };
		30437C1B2024A690005B9989 /* Quick.framework in Copy Frameworks */ = {isa = PBXBuildFile; fileRef = 30437BEC2024A4F8005B9989 /* Quick.framework */; settings = {ATTRIBUTES = (CodeSignOnCopy, RemoveHeadersOnCopy, ); }; };
		30437C1E2024D2E1005B9989 /* ReactiveSwift.framework in Frameworks */ = {isa = PBXBuildFile; fileRef = 30437BEA2024A4F8005B9989 /* ReactiveSwift.framework */; };
		30437C1F2024D2F5005B9989 /* ReactiveSwift.framework in Frameworks */ = {isa = PBXBuildFile; fileRef = 30437BEA2024A4F8005B9989 /* ReactiveSwift.framework */; };
		30437C222024D35D005B9989 /* ReactiveSwift.framework in Copy Frameworks */ = {isa = PBXBuildFile; fileRef = 30437BEA2024A4F8005B9989 /* ReactiveSwift.framework */; settings = {ATTRIBUTES = (CodeSignOnCopy, RemoveHeadersOnCopy, ); }; };
		30437C232024D36D005B9989 /* Result.framework in Frameworks */ = {isa = PBXBuildFile; fileRef = 30437BE52024A4F7005B9989 /* Result.framework */; };
		30437C242024D383005B9989 /* ReactiveSwift.framework in Copy Frameworks */ = {isa = PBXBuildFile; fileRef = 30437BEA2024A4F8005B9989 /* ReactiveSwift.framework */; settings = {ATTRIBUTES = (CodeSignOnCopy, RemoveHeadersOnCopy, ); }; };
		30437C252024D386005B9989 /* SwinjectStoryboard.framework in Copy Frameworks */ = {isa = PBXBuildFile; fileRef = 30437BE42024A4F7005B9989 /* SwinjectStoryboard.framework */; settings = {ATTRIBUTES = (CodeSignOnCopy, RemoveHeadersOnCopy, ); }; };
		30437C312024D4CF005B9989 /* Result.framework.dSYM in Copy dSYMs */ = {isa = PBXBuildFile; fileRef = 30437C282024D4CE005B9989 /* Result.framework.dSYM */; };
		30437C342024D4CF005B9989 /* ReactiveCocoa.framework.dSYM in Copy dSYMs */ = {isa = PBXBuildFile; fileRef = 30437C2B2024D4CE005B9989 /* ReactiveCocoa.framework.dSYM */; };
		30437C362024D4CF005B9989 /* Alamofire.framework.dSYM in Copy dSYMs */ = {isa = PBXBuildFile; fileRef = 30437C2D2024D4CF005B9989 /* Alamofire.framework.dSYM */; };
		30437C382024D4CF005B9989 /* Himotoki.framework.dSYM in Copy dSYMs */ = {isa = PBXBuildFile; fileRef = 30437C2F2024D4CF005B9989 /* Himotoki.framework.dSYM */; };
		30437C392024D4CF005B9989 /* Swinject.framework.dSYM in Copy dSYMs */ = {isa = PBXBuildFile; fileRef = 30437C302024D4CF005B9989 /* Swinject.framework.dSYM */; };
		30437C3D2024DC6D005B9989 /* SwinjectStoryboard.framework in Frameworks */ = {isa = PBXBuildFile; fileRef = 30437BE42024A4F7005B9989 /* SwinjectStoryboard.framework */; };
		30437C3E2024DD2A005B9989 /* SwinjectStoryboard.framework in Frameworks */ = {isa = PBXBuildFile; fileRef = 30437BE42024A4F7005B9989 /* SwinjectStoryboard.framework */; };
		30437C3F2024DD2A005B9989 /* SwinjectStoryboard.framework in Embed Frameworks */ = {isa = PBXBuildFile; fileRef = 30437BE42024A4F7005B9989 /* SwinjectStoryboard.framework */; settings = {ATTRIBUTES = (CodeSignOnCopy, RemoveHeadersOnCopy, ); }; };
		30437C402024DD43005B9989 /* Swinject.framework in Frameworks */ = {isa = PBXBuildFile; fileRef = 30437BE72024A4F8005B9989 /* Swinject.framework */; };
		30437C412024DD43005B9989 /* Swinject.framework in Embed Frameworks */ = {isa = PBXBuildFile; fileRef = 30437BE72024A4F8005B9989 /* Swinject.framework */; settings = {ATTRIBUTES = (CodeSignOnCopy, RemoveHeadersOnCopy, ); }; };
		30437C442024DF53005B9989 /* ReactiveSwift.framework in Frameworks */ = {isa = PBXBuildFile; fileRef = 30437BEA2024A4F8005B9989 /* ReactiveSwift.framework */; };
		30437C452024DF53005B9989 /* ReactiveSwift.framework in Embed Frameworks */ = {isa = PBXBuildFile; fileRef = 30437BEA2024A4F8005B9989 /* ReactiveSwift.framework */; settings = {ATTRIBUTES = (CodeSignOnCopy, RemoveHeadersOnCopy, ); }; };
		30437C462024DF7F005B9989 /* Alamofire.framework in Frameworks */ = {isa = PBXBuildFile; fileRef = 30437BEB2024A4F8005B9989 /* Alamofire.framework */; };
		30437C472024DF7F005B9989 /* Alamofire.framework in Embed Frameworks */ = {isa = PBXBuildFile; fileRef = 30437BEB2024A4F8005B9989 /* Alamofire.framework */; settings = {ATTRIBUTES = (CodeSignOnCopy, RemoveHeadersOnCopy, ); }; };
		30437C482024DF95005B9989 /* Himotoki.framework in Frameworks */ = {isa = PBXBuildFile; fileRef = 30437BE62024A4F8005B9989 /* Himotoki.framework */; };
		30437C492024DF95005B9989 /* Himotoki.framework in Embed Frameworks */ = {isa = PBXBuildFile; fileRef = 30437BE62024A4F8005B9989 /* Himotoki.framework */; settings = {ATTRIBUTES = (CodeSignOnCopy, RemoveHeadersOnCopy, ); }; };
		30437C4A2024DFAB005B9989 /* Result.framework in Frameworks */ = {isa = PBXBuildFile; fileRef = 30437BE52024A4F7005B9989 /* Result.framework */; };
		30437C4B2024DFAB005B9989 /* Result.framework in Embed Frameworks */ = {isa = PBXBuildFile; fileRef = 30437BE52024A4F7005B9989 /* Result.framework */; settings = {ATTRIBUTES = (CodeSignOnCopy, RemoveHeadersOnCopy, ); }; };
		30437C502024E00E005B9989 /* ReactiveCocoa.framework in Frameworks */ = {isa = PBXBuildFile; fileRef = 30437BE82024A4F8005B9989 /* ReactiveCocoa.framework */; };
		30437C512024E00E005B9989 /* ReactiveCocoa.framework in Embed Frameworks */ = {isa = PBXBuildFile; fileRef = 30437BE82024A4F8005B9989 /* ReactiveCocoa.framework */; settings = {ATTRIBUTES = (CodeSignOnCopy, RemoveHeadersOnCopy, ); }; };
/* End PBXBuildFile section */

/* Begin PBXContainerItemProxy section */
		301AA50F2024ED3D00B53E15 /* PBXContainerItemProxy */ = {
			isa = PBXContainerItemProxy;
			containerPortal = 30437B4520249A4E005B9989 /* Project object */;
			proxyType = 1;
			remoteGlobalIDString = 301AA5042024ED3D00B53E15;
			remoteInfo = MModel;
		};
		301AA5112024ED3D00B53E15 /* PBXContainerItemProxy */ = {
			isa = PBXContainerItemProxy;
			containerPortal = 30437B4520249A4E005B9989 /* Project object */;
			proxyType = 1;
			remoteGlobalIDString = 30437B4C20249A4E005B9989;
			remoteInfo = Template;
		};
		301AA5182024ED3D00B53E15 /* PBXContainerItemProxy */ = {
			isa = PBXContainerItemProxy;
			containerPortal = 30437B4520249A4E005B9989 /* Project object */;
			proxyType = 1;
			remoteGlobalIDString = 301AA5042024ED3D00B53E15;
			remoteInfo = MModel;
		};
		301AA52E2024EDC200B53E15 /* PBXContainerItemProxy */ = {
			isa = PBXContainerItemProxy;
			containerPortal = 30437B4520249A4E005B9989 /* Project object */;
			proxyType = 1;
			remoteGlobalIDString = 301AA5042024ED3D00B53E15;
			remoteInfo = MModel;
		};
		30437B6220249A4E005B9989 /* PBXContainerItemProxy */ = {
			isa = PBXContainerItemProxy;
			containerPortal = 30437B4520249A4E005B9989 /* Project object */;
			proxyType = 1;
			remoteGlobalIDString = 30437B4C20249A4E005B9989;
			remoteInfo = Template;
		};
		30437BA220249B02005B9989 /* PBXContainerItemProxy */ = {
			isa = PBXContainerItemProxy;
			containerPortal = 30437B4520249A4E005B9989 /* Project object */;
			proxyType = 1;
			remoteGlobalIDString = 30437B9720249B01005B9989;
			remoteInfo = ViewModel;
		};
		30437BA420249B02005B9989 /* PBXContainerItemProxy */ = {
			isa = PBXContainerItemProxy;
			containerPortal = 30437B4520249A4E005B9989 /* Project object */;
			proxyType = 1;
			remoteGlobalIDString = 30437B4C20249A4E005B9989;
			remoteInfo = Template;
		};
		30437BAB20249B02005B9989 /* PBXContainerItemProxy */ = {
			isa = PBXContainerItemProxy;
			containerPortal = 30437B4520249A4E005B9989 /* Project object */;
			proxyType = 1;
			remoteGlobalIDString = 30437B9720249B01005B9989;
			remoteInfo = ViewModel;
		};
		30437BC420249B12005B9989 /* PBXContainerItemProxy */ = {
			isa = PBXContainerItemProxy;
			containerPortal = 30437B4520249A4E005B9989 /* Project object */;
			proxyType = 1;
			remoteGlobalIDString = 30437BB920249B12005B9989;
			remoteInfo = View;
		};
		30437BC620249B12005B9989 /* PBXContainerItemProxy */ = {
			isa = PBXContainerItemProxy;
			containerPortal = 30437B4520249A4E005B9989 /* Project object */;
			proxyType = 1;
			remoteGlobalIDString = 30437B4C20249A4E005B9989;
			remoteInfo = Template;
		};
		30437BCD20249B12005B9989 /* PBXContainerItemProxy */ = {
			isa = PBXContainerItemProxy;
			containerPortal = 30437B4520249A4E005B9989 /* Project object */;
			proxyType = 1;
			remoteGlobalIDString = 30437BB920249B12005B9989;
			remoteInfo = View;
		};
		30437BDB20249C9F005B9989 /* PBXContainerItemProxy */ = {
			isa = PBXContainerItemProxy;
			containerPortal = 30437B4520249A4E005B9989 /* Project object */;
			proxyType = 1;
			remoteGlobalIDString = 30437B9720249B01005B9989;
			remoteInfo = ViewModel;
		};
/* End PBXContainerItemProxy section */

/* Begin PBXCopyFilesBuildPhase section */
		301AA53D2024F3A800B53E15 /* CopyFiles */ = {
			isa = PBXCopyFilesBuildPhase;
			buildActionMask = 2147483647;
			dstPath = "";
			dstSubfolderSpec = 10;
			files = (
				301AA53E2024F3AF00B53E15 /* Alamofire.framework in CopyFiles */,
				301AA53F2024F3AF00B53E15 /* Himotoki.framework in CopyFiles */,
				301AA5402024F3AF00B53E15 /* Nimble.framework in CopyFiles */,
				301AA5412024F3AF00B53E15 /* Quick.framework in CopyFiles */,
				301AA5422024F3AF00B53E15 /* ReactiveCocoa.framework in CopyFiles */,
				301AA5432024F3AF00B53E15 /* ReactiveSwift.framework in CopyFiles */,
				301AA5442024F3AF00B53E15 /* Result.framework in CopyFiles */,
			);
			runOnlyForDeploymentPostprocessing = 0;
		};
		30437B8F20249AE5005B9989 /* Embed Frameworks */ = {
			isa = PBXCopyFilesBuildPhase;
			buildActionMask = 12;
			dstPath = "";
			dstSubfolderSpec = 10;
			files = (
				30437C3F2024DD2A005B9989 /* SwinjectStoryboard.framework in Embed Frameworks */,
				30437C492024DF95005B9989 /* Himotoki.framework in Embed Frameworks */,
				30437C4B2024DFAB005B9989 /* Result.framework in Embed Frameworks */,
				301AA51B2024ED3D00B53E15 /* MModel.framework in Embed Frameworks */,
				30437BD020249B12005B9989 /* VView.framework in Embed Frameworks */,
				30437C512024E00E005B9989 /* ReactiveCocoa.framework in Embed Frameworks */,
				30437C412024DD43005B9989 /* Swinject.framework in Embed Frameworks */,
				30437C472024DF7F005B9989 /* Alamofire.framework in Embed Frameworks */,
				30437BAE20249B02005B9989 /* ViewModel.framework in Embed Frameworks */,
				30437C452024DF53005B9989 /* ReactiveSwift.framework in Embed Frameworks */,
			);
			name = "Embed Frameworks";
			runOnlyForDeploymentPostprocessing = 0;
		};
		30437C042024A5DB005B9989 /* Copy Frameworks */ = {
			isa = PBXCopyFilesBuildPhase;
			buildActionMask = 2147483647;
			dstPath = "";
			dstSubfolderSpec = 10;
			files = (
				30437C052024A5F5005B9989 /* Alamofire.framework in Copy Frameworks */,
				30437C062024A5F5005B9989 /* Himotoki.framework in Copy Frameworks */,
				30437C072024A5F5005B9989 /* Nimble.framework in Copy Frameworks */,
				30437C082024A5F5005B9989 /* Quick.framework in Copy Frameworks */,
				30437C092024A5F5005B9989 /* ReactiveCocoa.framework in Copy Frameworks */,
				30437C222024D35D005B9989 /* ReactiveSwift.framework in Copy Frameworks */,
				30437C0A2024A5F5005B9989 /* Result.framework in Copy Frameworks */,
			);
			name = "Copy Frameworks";
			runOnlyForDeploymentPostprocessing = 0;
		};
		30437C0F2024A62F005B9989 /* Copy Frameworks */ = {
			isa = PBXCopyFilesBuildPhase;
			buildActionMask = 2147483647;
			dstPath = "";
			dstSubfolderSpec = 10;
			files = (
				30437C102024A647005B9989 /* Alamofire.framework in Copy Frameworks */,
				30437C112024A647005B9989 /* Himotoki.framework in Copy Frameworks */,
				30437C122024A647005B9989 /* Nimble.framework in Copy Frameworks */,
				30437C132024A647005B9989 /* Quick.framework in Copy Frameworks */,
				30437C142024A647005B9989 /* ReactiveCocoa.framework in Copy Frameworks */,
				30437C242024D383005B9989 /* ReactiveSwift.framework in Copy Frameworks */,
				30437C252024D386005B9989 /* SwinjectStoryboard.framework in Copy Frameworks */,
				30437C152024A647005B9989 /* Result.framework in Copy Frameworks */,
			);
			name = "Copy Frameworks";
			runOnlyForDeploymentPostprocessing = 0;
		};
		30437C192024A671005B9989 /* Copy Frameworks */ = {
			isa = PBXCopyFilesBuildPhase;
			buildActionMask = 2147483647;
			dstPath = "";
			dstSubfolderSpec = 10;
			files = (
				30437C1A2024A690005B9989 /* Nimble.framework in Copy Frameworks */,
				30437C1B2024A690005B9989 /* Quick.framework in Copy Frameworks */,
			);
			name = "Copy Frameworks";
			runOnlyForDeploymentPostprocessing = 0;
		};
		30437C262024D40B005B9989 /* Copy dSYMs */ = {
			isa = PBXCopyFilesBuildPhase;
			buildActionMask = 8;
			dstPath = "";
			dstSubfolderSpec = 16;
			files = (
				30437C312024D4CF005B9989 /* Result.framework.dSYM in Copy dSYMs */,
				30437C342024D4CF005B9989 /* ReactiveCocoa.framework.dSYM in Copy dSYMs */,
				30437C362024D4CF005B9989 /* Alamofire.framework.dSYM in Copy dSYMs */,
				30437C382024D4CF005B9989 /* Himotoki.framework.dSYM in Copy dSYMs */,
				30437C392024D4CF005B9989 /* Swinject.framework.dSYM in Copy dSYMs */,
			);
			name = "Copy dSYMs";
			runOnlyForDeploymentPostprocessing = 1;
		};
/* End PBXCopyFilesBuildPhase section */

/* Begin PBXFileReference section */
		301AA4FD2024E80900B53E15 /* LocalizedString.swift */ = {isa = PBXFileReference; fileEncoding = 4; lastKnownFileType = sourcecode.swift; path = LocalizedString.swift; sourceTree = "<group>"; };
		301AA5052024ED3D00B53E15 /* MModel.framework */ = {isa = PBXFileReference; explicitFileType = wrapper.framework; includeInIndex = 0; path = MModel.framework; sourceTree = BUILT_PRODUCTS_DIR; };
		301AA5072024ED3D00B53E15 /* MModel.h */ = {isa = PBXFileReference; lastKnownFileType = sourcecode.c.h; path = MModel.h; sourceTree = "<group>"; };
		301AA5082024ED3D00B53E15 /* Info.plist */ = {isa = PBXFileReference; lastKnownFileType = text.plist.xml; path = Info.plist; sourceTree = "<group>"; };
		301AA50D2024ED3D00B53E15 /* MModelTests.xctest */ = {isa = PBXFileReference; explicitFileType = wrapper.cfbundle; includeInIndex = 0; path = MModelTests.xctest; sourceTree = BUILT_PRODUCTS_DIR; };
		301AA5142024ED3D00B53E15 /* MModelTests.swift */ = {isa = PBXFileReference; lastKnownFileType = sourcecode.swift; path = MModelTests.swift; sourceTree = "<group>"; };
		301AA5162024ED3D00B53E15 /* Info.plist */ = {isa = PBXFileReference; lastKnownFileType = text.plist.xml; path = Info.plist; sourceTree = "<group>"; };
		301AA5472024FC3100B53E15 /* ViewModeling.swift */ = {isa = PBXFileReference; lastKnownFileType = sourcecode.swift; path = ViewModeling.swift; sourceTree = "<group>"; };
		301AA5492024FC6A00B53E15 /* ViewModel.swift */ = {isa = PBXFileReference; lastKnownFileType = sourcecode.swift; path = ViewModel.swift; sourceTree = "<group>"; };
		301AA54C2024FD6900B53E15 /* MModeling.swift */ = {isa = PBXFileReference; lastKnownFileType = sourcecode.swift; path = MModeling.swift; sourceTree = "<group>"; };
		301AA54E2024FF5000B53E15 /* MModel.swift */ = {isa = PBXFileReference; lastKnownFileType = sourcecode.swift; path = MModel.swift; sourceTree = "<group>"; };
		301AA5502025043A00B53E15 /* MyViewController.swift */ = {isa = PBXFileReference; lastKnownFileType = sourcecode.swift; path = MyViewController.swift; sourceTree = "<group>"; };
		30437B4D20249A4E005B9989 /* Template.app */ = {isa = PBXFileReference; explicitFileType = wrapper.application; includeInIndex = 0; path = Template.app; sourceTree = BUILT_PRODUCTS_DIR; };
		30437B5020249A4E005B9989 /* AppDelegate.swift */ = {isa = PBXFileReference; lastKnownFileType = sourcecode.swift; path = AppDelegate.swift; sourceTree = "<group>"; };
		30437B5520249A4E005B9989 /* Base */ = {isa = PBXFileReference; lastKnownFileType = file.storyboard; name = Base; path = Base.lproj/Main.storyboard; sourceTree = "<group>"; };
		30437B5720249A4E005B9989 /* Assets.xcassets */ = {isa = PBXFileReference; lastKnownFileType = folder.assetcatalog; path = Assets.xcassets; sourceTree = "<group>"; };
		30437B5A20249A4E005B9989 /* Base */ = {isa = PBXFileReference; lastKnownFileType = file.storyboard; name = Base; path = Base.lproj/LaunchScreen.storyboard; sourceTree = "<group>"; };
		30437B5C20249A4E005B9989 /* Info.plist */ = {isa = PBXFileReference; lastKnownFileType = text.plist.xml; path = Info.plist; sourceTree = "<group>"; };
		30437B6120249A4E005B9989 /* TemplateTests.xctest */ = {isa = PBXFileReference; explicitFileType = wrapper.cfbundle; includeInIndex = 0; path = TemplateTests.xctest; sourceTree = BUILT_PRODUCTS_DIR; };
		30437B6520249A4E005B9989 /* TemplateTests.swift */ = {isa = PBXFileReference; lastKnownFileType = sourcecode.swift; path = TemplateTests.swift; sourceTree = "<group>"; };
		30437B6720249A4E005B9989 /* Info.plist */ = {isa = PBXFileReference; lastKnownFileType = text.plist.xml; path = Info.plist; sourceTree = "<group>"; };
		30437B9820249B01005B9989 /* ViewModel.framework */ = {isa = PBXFileReference; explicitFileType = wrapper.framework; includeInIndex = 0; path = ViewModel.framework; sourceTree = BUILT_PRODUCTS_DIR; };
		30437B9A20249B01005B9989 /* ViewModel.h */ = {isa = PBXFileReference; lastKnownFileType = sourcecode.c.h; path = ViewModel.h; sourceTree = "<group>"; };
		30437B9B20249B01005B9989 /* Info.plist */ = {isa = PBXFileReference; lastKnownFileType = text.plist.xml; path = Info.plist; sourceTree = "<group>"; };
		30437BA020249B02005B9989 /* ViewModelTests.xctest */ = {isa = PBXFileReference; explicitFileType = wrapper.cfbundle; includeInIndex = 0; path = ViewModelTests.xctest; sourceTree = BUILT_PRODUCTS_DIR; };
		30437BA720249B02005B9989 /* ViewModelTests.swift */ = {isa = PBXFileReference; lastKnownFileType = sourcecode.swift; path = ViewModelTests.swift; sourceTree = "<group>"; };
		30437BA920249B02005B9989 /* Info.plist */ = {isa = PBXFileReference; lastKnownFileType = text.plist.xml; path = Info.plist; sourceTree = "<group>"; };
		30437BBA20249B12005B9989 /* VView.framework */ = {isa = PBXFileReference; explicitFileType = wrapper.framework; includeInIndex = 0; path = VView.framework; sourceTree = BUILT_PRODUCTS_DIR; };
		30437BBC20249B12005B9989 /* VView.h */ = {isa = PBXFileReference; lastKnownFileType = sourcecode.c.h; path = VView.h; sourceTree = "<group>"; };
		30437BBD20249B12005B9989 /* Info.plist */ = {isa = PBXFileReference; lastKnownFileType = text.plist.xml; path = Info.plist; sourceTree = "<group>"; };
		30437BC220249B12005B9989 /* VViewTests.xctest */ = {isa = PBXFileReference; explicitFileType = wrapper.cfbundle; includeInIndex = 0; path = VViewTests.xctest; sourceTree = BUILT_PRODUCTS_DIR; };
		30437BC920249B12005B9989 /* VViewTests.swift */ = {isa = PBXFileReference; lastKnownFileType = sourcecode.swift; path = VViewTests.swift; sourceTree = "<group>"; };
		30437BCB20249B12005B9989 /* Info.plist */ = {isa = PBXFileReference; lastKnownFileType = text.plist.xml; path = Info.plist; sourceTree = "<group>"; };
		30437BE42024A4F7005B9989 /* SwinjectStoryboard.framework */ = {isa = PBXFileReference; lastKnownFileType = wrapper.framework; name = SwinjectStoryboard.framework; path = Carthage/Build/iOS/SwinjectStoryboard.framework; sourceTree = "<group>"; };
		30437BE52024A4F7005B9989 /* Result.framework */ = {isa = PBXFileReference; lastKnownFileType = wrapper.framework; name = Result.framework; path = Carthage/Build/iOS/Result.framework; sourceTree = "<group>"; };
		30437BE62024A4F8005B9989 /* Himotoki.framework */ = {isa = PBXFileReference; lastKnownFileType = wrapper.framework; name = Himotoki.framework; path = Carthage/Build/iOS/Himotoki.framework; sourceTree = "<group>"; };
		30437BE72024A4F8005B9989 /* Swinject.framework */ = {isa = PBXFileReference; lastKnownFileType = wrapper.framework; name = Swinject.framework; path = Carthage/Build/iOS/Swinject.framework; sourceTree = "<group>"; };
		30437BE82024A4F8005B9989 /* ReactiveCocoa.framework */ = {isa = PBXFileReference; lastKnownFileType = wrapper.framework; name = ReactiveCocoa.framework; path = Carthage/Build/iOS/ReactiveCocoa.framework; sourceTree = "<group>"; };
		30437BE92024A4F8005B9989 /* Nimble.framework */ = {isa = PBXFileReference; lastKnownFileType = wrapper.framework; name = Nimble.framework; path = Carthage/Build/iOS/Nimble.framework; sourceTree = "<group>"; };
		30437BEA2024A4F8005B9989 /* ReactiveSwift.framework */ = {isa = PBXFileReference; lastKnownFileType = wrapper.framework; name = ReactiveSwift.framework; path = Carthage/Build/iOS/ReactiveSwift.framework; sourceTree = "<group>"; };
		30437BEB2024A4F8005B9989 /* Alamofire.framework */ = {isa = PBXFileReference; lastKnownFileType = wrapper.framework; name = Alamofire.framework; path = Carthage/Build/iOS/Alamofire.framework; sourceTree = "<group>"; };
		30437BEC2024A4F8005B9989 /* Quick.framework */ = {isa = PBXFileReference; lastKnownFileType = wrapper.framework; name = Quick.framework; path = Carthage/Build/iOS/Quick.framework; sourceTree = "<group>"; };
		30437C282024D4CE005B9989 /* Result.framework.dSYM */ = {isa = PBXFileReference; lastKnownFileType = wrapper.dsym; path = Result.framework.dSYM; sourceTree = "<group>"; };
		30437C292024D4CE005B9989 /* Nimble.framework.dSYM */ = {isa = PBXFileReference; lastKnownFileType = wrapper.dsym; path = Nimble.framework.dSYM; sourceTree = "<group>"; };
		30437C2A2024D4CE005B9989 /* Quick.framework.dSYM */ = {isa = PBXFileReference; lastKnownFileType = wrapper.dsym; path = Quick.framework.dSYM; sourceTree = "<group>"; };
		30437C2B2024D4CE005B9989 /* ReactiveCocoa.framework.dSYM */ = {isa = PBXFileReference; lastKnownFileType = wrapper.dsym; path = ReactiveCocoa.framework.dSYM; sourceTree = "<group>"; };
		30437C2C2024D4CE005B9989 /* SwinjectStoryboard.framework.dSYM */ = {isa = PBXFileReference; lastKnownFileType = wrapper.dsym; path = SwinjectStoryboard.framework.dSYM; sourceTree = "<group>"; };
		30437C2D2024D4CF005B9989 /* Alamofire.framework.dSYM */ = {isa = PBXFileReference; lastKnownFileType = wrapper.dsym; path = Alamofire.framework.dSYM; sourceTree = "<group>"; };
		30437C2E2024D4CF005B9989 /* ReactiveSwift.framework.dSYM */ = {isa = PBXFileReference; lastKnownFileType = wrapper.dsym; path = ReactiveSwift.framework.dSYM; sourceTree = "<group>"; };
		30437C2F2024D4CF005B9989 /* Himotoki.framework.dSYM */ = {isa = PBXFileReference; lastKnownFileType = wrapper.dsym; path = Himotoki.framework.dSYM; sourceTree = "<group>"; };
		30437C302024D4CF005B9989 /* Swinject.framework.dSYM */ = {isa = PBXFileReference; lastKnownFileType = wrapper.dsym; path = Swinject.framework.dSYM; sourceTree = "<group>"; };
		30437C542024E352005B9989 /* Network.swift */ = {isa = PBXFileReference; fileEncoding = 4; lastKnownFileType = sourcecode.swift; path = Network.swift; sourceTree = "<group>"; };
		30437C552024E354005B9989 /* Networking.swift */ = {isa = PBXFileReference; fileEncoding = 4; lastKnownFileType = sourcecode.swift; path = Networking.swift; sourceTree = "<group>"; };
		30437C562024E356005B9989 /* NetworkError.swift */ = {isa = PBXFileReference; fileEncoding = 4; lastKnownFileType = sourcecode.swift; path = NetworkError.swift; sourceTree = "<group>"; };
		30437C5A2024E41D005B9989 /* NetworkSpec.swift */ = {isa = PBXFileReference; fileEncoding = 4; lastKnownFileType = sourcecode.swift; path = NetworkSpec.swift; sourceTree = "<group>"; };
/* End PBXFileReference section */

/* Begin PBXFrameworksBuildPhase section */
		301AA5012024ED3D00B53E15 /* Frameworks */ = {
			isa = PBXFrameworksBuildPhase;
			buildActionMask = 2147483647;
			files = (
				301AA5282024ED9000B53E15 /* Alamofire.framework in Frameworks */,
				301AA5292024ED9000B53E15 /* Himotoki.framework in Frameworks */,
				301AA52A2024ED9000B53E15 /* ReactiveSwift.framework in Frameworks */,
				301AA52B2024ED9000B53E15 /* Result.framework in Frameworks */,
			);
			runOnlyForDeploymentPostprocessing = 0;
		};
		301AA50A2024ED3D00B53E15 /* Frameworks */ = {
			isa = PBXFrameworksBuildPhase;
			buildActionMask = 2147483647;
			files = (
				301AA50E2024ED3D00B53E15 /* MModel.framework in Frameworks */,
				301AA5322024EE0100B53E15 /* Alamofire.framework in Frameworks */,
				301AA5332024EE0100B53E15 /* Himotoki.framework in Frameworks */,
				301AA5342024EE0100B53E15 /* ReactiveSwift.framework in Frameworks */,
				301AA5352024EE0100B53E15 /* Result.framework in Frameworks */,
			);
			runOnlyForDeploymentPostprocessing = 0;
		};
		30437B4A20249A4E005B9989 /* Frameworks */ = {
			isa = PBXFrameworksBuildPhase;
			buildActionMask = 2147483647;
			files = (
				30437C3D2024DC6D005B9989 /* SwinjectStoryboard.framework in Frameworks */,
				30437C4A2024DFAB005B9989 /* Result.framework in Frameworks */,
				30437C462024DF7F005B9989 /* Alamofire.framework in Frameworks */,
				30437C482024DF95005B9989 /* Himotoki.framework in Frameworks */,
				30437C402024DD43005B9989 /* Swinject.framework in Frameworks */,
				30437C442024DF53005B9989 /* ReactiveSwift.framework in Frameworks */,
				30437C3E2024DD2A005B9989 /* SwinjectStoryboard.framework in Frameworks */,
				30437BAD20249B02005B9989 /* ViewModel.framework in Frameworks */,
				30437C502024E00E005B9989 /* ReactiveCocoa.framework in Frameworks */,
				30437BCF20249B12005B9989 /* VView.framework in Frameworks */,
				301AA51A2024ED3D00B53E15 /* MModel.framework in Frameworks */,
				30437BF52024A58F005B9989 /* Swinject.framework in Frameworks */,
			);
			runOnlyForDeploymentPostprocessing = 0;
		};
		30437B5E20249A4E005B9989 /* Frameworks */ = {
			isa = PBXFrameworksBuildPhase;
			buildActionMask = 2147483647;
			files = (
				30437BE120249CF9005B9989 /* VView.framework in Frameworks */,
				30437BE220249CF9005B9989 /* ViewModel.framework in Frameworks */,
				30437C162024A66A005B9989 /* Nimble.framework in Frameworks */,
				30437C172024A66A005B9989 /* Quick.framework in Frameworks */,
				301AA5462024F44E00B53E15 /* MModel.framework in Frameworks */,
				30437C182024A66A005B9989 /* Swinject.framework in Frameworks */,
			);
			runOnlyForDeploymentPostprocessing = 0;
		};
		30437B9420249B01005B9989 /* Frameworks */ = {
			isa = PBXFrameworksBuildPhase;
			buildActionMask = 2147483647;
			files = (
				301AA5302024EDC800B53E15 /* MModel.framework in Frameworks */,
				30437BF12024A544005B9989 /* ReactiveCocoa.framework in Frameworks */,
				30437C1E2024D2E1005B9989 /* ReactiveSwift.framework in Frameworks */,
				30437BF22024A546005B9989 /* Result.framework in Frameworks */,
			);
			runOnlyForDeploymentPostprocessing = 0;
		};
		30437B9D20249B02005B9989 /* Frameworks */ = {
			isa = PBXFrameworksBuildPhase;
			buildActionMask = 2147483647;
			files = (
				30437BA120249B02005B9989 /* ViewModel.framework in Frameworks */,
				30437C012024A5D5005B9989 /* Nimble.framework in Frameworks */,
				30437C022024A5D5005B9989 /* Quick.framework in Frameworks */,
				30437C032024A5D5005B9989 /* ReactiveCocoa.framework in Frameworks */,
				301AA5452024F44C00B53E15 /* MModel.framework in Frameworks */,
				30437C232024D36D005B9989 /* Result.framework in Frameworks */,
			);
			runOnlyForDeploymentPostprocessing = 0;
		};
		30437BB620249B12005B9989 /* Frameworks */ = {
			isa = PBXFrameworksBuildPhase;
			buildActionMask = 2147483647;
			files = (
				30437C1F2024D2F5005B9989 /* ReactiveSwift.framework in Frameworks */,
				30437BDD20249CA3005B9989 /* ViewModel.framework in Frameworks */,
				30437BF32024A54E005B9989 /* ReactiveCocoa.framework in Frameworks */,
				30437BF42024A550005B9989 /* Result.framework in Frameworks */,
			);
			runOnlyForDeploymentPostprocessing = 0;
		};
		30437BBF20249B12005B9989 /* Frameworks */ = {
			isa = PBXFrameworksBuildPhase;
			buildActionMask = 2147483647;
			files = (
				30437BDF20249CEB005B9989 /* ViewModel.framework in Frameworks */,
				30437BC320249B12005B9989 /* VView.framework in Frameworks */,
				30437C0B2024A62C005B9989 /* Nimble.framework in Frameworks */,
				30437C0C2024A62C005B9989 /* Quick.framework in Frameworks */,
				30437C0D2024A62C005B9989 /* ReactiveCocoa.framework in Frameworks */,
				30437C0E2024A62C005B9989 /* Result.framework in Frameworks */,
			);
			runOnlyForDeploymentPostprocessing = 0;
		};
/* End PBXFrameworksBuildPhase section */

/* Begin PBXGroup section */
		301AA5062024ED3D00B53E15 /* MModel */ = {
			isa = PBXGroup;
			children = (
				30437C542024E352005B9989 /* Network.swift */,
				30437C562024E356005B9989 /* NetworkError.swift */,
				30437C552024E354005B9989 /* Networking.swift */,
				301AA4FD2024E80900B53E15 /* LocalizedString.swift */,
				301AA5072024ED3D00B53E15 /* MModel.h */,
				301AA5082024ED3D00B53E15 /* Info.plist */,
				301AA54C2024FD6900B53E15 /* MModeling.swift */,
				301AA54E2024FF5000B53E15 /* MModel.swift */,
			);
			path = MModel;
			sourceTree = "<group>";
		};
		301AA5132024ED3D00B53E15 /* MModelTests */ = {
			isa = PBXGroup;
			children = (
				30437C5A2024E41D005B9989 /* NetworkSpec.swift */,
				301AA5142024ED3D00B53E15 /* MModelTests.swift */,
				301AA5162024ED3D00B53E15 /* Info.plist */,
			);
			path = MModelTests;
			sourceTree = "<group>";
		};
		30437B4420249A4E005B9989 = {
			isa = PBXGroup;
			children = (
				30437B4F20249A4E005B9989 /* Template */,
				301AA5062024ED3D00B53E15 /* MModel */,
				30437B9920249B01005B9989 /* ViewModel */,
				30437BBB20249B12005B9989 /* VView */,
				30437BE320249D5B005B9989 /* Test */,
				30437B4E20249A4E005B9989 /* Products */,
				30437BD920249C87005B9989 /* Frameworks */,
				30437C272024D432005B9989 /* dsYMs */,
			);
			sourceTree = "<group>";
		};
		30437B4E20249A4E005B9989 /* Products */ = {
			isa = PBXGroup;
			children = (
				30437B4D20249A4E005B9989 /* Template.app */,
				30437B6120249A4E005B9989 /* TemplateTests.xctest */,
				30437B9820249B01005B9989 /* ViewModel.framework */,
				30437BA020249B02005B9989 /* ViewModelTests.xctest */,
				30437BBA20249B12005B9989 /* VView.framework */,
				30437BC220249B12005B9989 /* VViewTests.xctest */,
				301AA5052024ED3D00B53E15 /* MModel.framework */,
				301AA50D2024ED3D00B53E15 /* MModelTests.xctest */,
			);
			name = Products;
			sourceTree = "<group>";
		};
		30437B4F20249A4E005B9989 /* Template */ = {
			isa = PBXGroup;
			children = (
				30437B5020249A4E005B9989 /* AppDelegate.swift */,
				30437B5720249A4E005B9989 /* Assets.xcassets */,
				30437B5920249A4E005B9989 /* LaunchScreen.storyboard */,
				30437B5C20249A4E005B9989 /* Info.plist */,
			);
			path = Template;
			sourceTree = "<group>";
		};
		30437B6420249A4E005B9989 /* TemplateTests */ = {
			isa = PBXGroup;
			children = (
				30437B6520249A4E005B9989 /* TemplateTests.swift */,
				30437B6720249A4E005B9989 /* Info.plist */,
			);
			path = TemplateTests;
			sourceTree = "<group>";
		};
		30437B9920249B01005B9989 /* ViewModel */ = {
			isa = PBXGroup;
			children = (
				30437B9A20249B01005B9989 /* ViewModel.h */,
				30437B9B20249B01005B9989 /* Info.plist */,
				301AA5472024FC3100B53E15 /* ViewModeling.swift */,
				301AA5492024FC6A00B53E15 /* ViewModel.swift */,
			);
			path = ViewModel;
			sourceTree = "<group>";
		};
		30437BA620249B02005B9989 /* ViewModelTests */ = {
			isa = PBXGroup;
			children = (
				30437BA720249B02005B9989 /* ViewModelTests.swift */,
				30437BA920249B02005B9989 /* Info.plist */,
			);
			path = ViewModelTests;
			sourceTree = "<group>";
		};
		30437BBB20249B12005B9989 /* VView */ = {
			isa = PBXGroup;
			children = (
				30437B5420249A4E005B9989 /* Main.storyboard */,
				30437BBC20249B12005B9989 /* VView.h */,
				30437BBD20249B12005B9989 /* Info.plist */,
				301AA5502025043A00B53E15 /* MyViewController.swift */,
			);
			path = VView;
			sourceTree = "<group>";
		};
		30437BC820249B12005B9989 /* VViewTests */ = {
			isa = PBXGroup;
			children = (
				30437BC920249B12005B9989 /* VViewTests.swift */,
				30437BCB20249B12005B9989 /* Info.plist */,
			);
			path = VViewTests;
			sourceTree = "<group>";
		};
		30437BD920249C87005B9989 /* Frameworks */ = {
			isa = PBXGroup;
			children = (
				30437BEB2024A4F8005B9989 /* Alamofire.framework */,
				30437BE62024A4F8005B9989 /* Himotoki.framework */,
				30437BE92024A4F8005B9989 /* Nimble.framework */,
				30437BEC2024A4F8005B9989 /* Quick.framework */,
				30437BE82024A4F8005B9989 /* ReactiveCocoa.framework */,
				30437BEA2024A4F8005B9989 /* ReactiveSwift.framework */,
				30437BE52024A4F7005B9989 /* Result.framework */,
				30437BE72024A4F8005B9989 /* Swinject.framework */,
				30437BE42024A4F7005B9989 /* SwinjectStoryboard.framework */,
			);
			name = Frameworks;
			sourceTree = "<group>";
		};
		30437BE320249D5B005B9989 /* Test */ = {
			isa = PBXGroup;
			children = (
				30437BC820249B12005B9989 /* VViewTests */,
				30437B6420249A4E005B9989 /* TemplateTests */,
				301AA5132024ED3D00B53E15 /* MModelTests */,
				30437BA620249B02005B9989 /* ViewModelTests */,
			);
			path = Test;
			sourceTree = "<group>";
		};
		30437C272024D432005B9989 /* dsYMs */ = {
			isa = PBXGroup;
			children = (
				30437C2D2024D4CF005B9989 /* Alamofire.framework.dSYM */,
				30437C2F2024D4CF005B9989 /* Himotoki.framework.dSYM */,
				30437C292024D4CE005B9989 /* Nimble.framework.dSYM */,
				30437C2A2024D4CE005B9989 /* Quick.framework.dSYM */,
				30437C2B2024D4CE005B9989 /* ReactiveCocoa.framework.dSYM */,
				30437C2E2024D4CF005B9989 /* ReactiveSwift.framework.dSYM */,
				30437C282024D4CE005B9989 /* Result.framework.dSYM */,
				30437C302024D4CF005B9989 /* Swinject.framework.dSYM */,
				30437C2C2024D4CE005B9989 /* SwinjectStoryboard.framework.dSYM */,
			);
			path = dsYMs;
			sourceTree = "<group>";
		};
/* End PBXGroup section */

/* Begin PBXHeadersBuildPhase section */
		301AA5022024ED3D00B53E15 /* Headers */ = {
			isa = PBXHeadersBuildPhase;
			buildActionMask = 2147483647;
			files = (
				301AA5172024ED3D00B53E15 /* MModel.h in Headers */,
			);
			runOnlyForDeploymentPostprocessing = 0;
		};
		30437B9520249B01005B9989 /* Headers */ = {
			isa = PBXHeadersBuildPhase;
			buildActionMask = 2147483647;
			files = (
				30437BAA20249B02005B9989 /* ViewModel.h in Headers */,
			);
			runOnlyForDeploymentPostprocessing = 0;
		};
		30437BB720249B12005B9989 /* Headers */ = {
			isa = PBXHeadersBuildPhase;
			buildActionMask = 2147483647;
			files = (
				30437BCC20249B12005B9989 /* VView.h in Headers */,
			);
			runOnlyForDeploymentPostprocessing = 0;
		};
/* End PBXHeadersBuildPhase section */

/* Begin PBXNativeTarget section */
		301AA5042024ED3D00B53E15 /* MModel */ = {
			isa = PBXNativeTarget;
			buildConfigurationList = 301AA51C2024ED3D00B53E15 /* Build configuration list for PBXNativeTarget "MModel" */;
			buildPhases = (
				301AA5002024ED3D00B53E15 /* Sources */,
				301AA5012024ED3D00B53E15 /* Frameworks */,
				301AA5022024ED3D00B53E15 /* Headers */,
				301AA5032024ED3D00B53E15 /* Resources */,
			);
			buildRules = (
			);
			dependencies = (
			);
			name = MModel;
			productName = MModel;
			productReference = 301AA5052024ED3D00B53E15 /* MModel.framework */;
			productType = "com.apple.product-type.framework";
		};
		301AA50C2024ED3D00B53E15 /* MModelTests */ = {
			isa = PBXNativeTarget;
			buildConfigurationList = 301AA51F2024ED3D00B53E15 /* Build configuration list for PBXNativeTarget "MModelTests" */;
			buildPhases = (
				301AA5092024ED3D00B53E15 /* Sources */,
				301AA50A2024ED3D00B53E15 /* Frameworks */,
				301AA50B2024ED3D00B53E15 /* Resources */,
				301AA53D2024F3A800B53E15 /* CopyFiles */,
			);
			buildRules = (
			);
			dependencies = (
				301AA5102024ED3D00B53E15 /* PBXTargetDependency */,
				301AA5122024ED3D00B53E15 /* PBXTargetDependency */,
			);
			name = MModelTests;
			productName = MModelTests;
			productReference = 301AA50D2024ED3D00B53E15 /* MModelTests.xctest */;
			productType = "com.apple.product-type.bundle.unit-test";
		};
		30437B4C20249A4E005B9989 /* Template */ = {
			isa = PBXNativeTarget;
			buildConfigurationList = 30437B6A20249A4E005B9989 /* Build configuration list for PBXNativeTarget "Template" */;
			buildPhases = (
				30437B4920249A4E005B9989 /* Sources */,
				30437B4A20249A4E005B9989 /* Frameworks */,
				30437B4B20249A4E005B9989 /* Resources */,
				30437B8F20249AE5005B9989 /* Embed Frameworks */,
				30437C1C2024BDBB005B9989 /* Run Script for Frameworks by Carthage */,
				30437C262024D40B005B9989 /* Copy dSYMs */,
			);
			buildRules = (
			);
			dependencies = (
				30437BAC20249B02005B9989 /* PBXTargetDependency */,
				30437BCE20249B12005B9989 /* PBXTargetDependency */,
				301AA5192024ED3D00B53E15 /* PBXTargetDependency */,
			);
			name = Template;
			productName = Template;
			productReference = 30437B4D20249A4E005B9989 /* Template.app */;
			productType = "com.apple.product-type.application";
		};
		30437B6020249A4E005B9989 /* TemplateTests */ = {
			isa = PBXNativeTarget;
			buildConfigurationList = 30437B6D20249A4E005B9989 /* Build configuration list for PBXNativeTarget "TemplateTests" */;
			buildPhases = (
				30437B5D20249A4E005B9989 /* Sources */,
				30437B5E20249A4E005B9989 /* Frameworks */,
				30437B5F20249A4E005B9989 /* Resources */,
				30437C192024A671005B9989 /* Copy Frameworks */,
			);
			buildRules = (
			);
			dependencies = (
				30437B6320249A4E005B9989 /* PBXTargetDependency */,
			);
			name = TemplateTests;
			productName = TemplateTests;
			productReference = 30437B6120249A4E005B9989 /* TemplateTests.xctest */;
			productType = "com.apple.product-type.bundle.unit-test";
		};
		30437B9720249B01005B9989 /* ViewModel */ = {
			isa = PBXNativeTarget;
			buildConfigurationList = 30437BAF20249B02005B9989 /* Build configuration list for PBXNativeTarget "ViewModel" */;
			buildPhases = (
				30437B9320249B01005B9989 /* Sources */,
				30437B9420249B01005B9989 /* Frameworks */,
				30437B9520249B01005B9989 /* Headers */,
				30437B9620249B01005B9989 /* Resources */,
			);
			buildRules = (
			);
			dependencies = (
				301AA52F2024EDC200B53E15 /* PBXTargetDependency */,
			);
			name = ViewModel;
			productName = ViewModel;
			productReference = 30437B9820249B01005B9989 /* ViewModel.framework */;
			productType = "com.apple.product-type.framework";
		};
		30437B9F20249B02005B9989 /* ViewModelTests */ = {
			isa = PBXNativeTarget;
			buildConfigurationList = 30437BB220249B02005B9989 /* Build configuration list for PBXNativeTarget "ViewModelTests" */;
			buildPhases = (
				30437B9C20249B02005B9989 /* Sources */,
				30437B9D20249B02005B9989 /* Frameworks */,
				30437B9E20249B02005B9989 /* Resources */,
				30437C042024A5DB005B9989 /* Copy Frameworks */,
			);
			buildRules = (
			);
			dependencies = (
				30437BA320249B02005B9989 /* PBXTargetDependency */,
				30437BA520249B02005B9989 /* PBXTargetDependency */,
			);
			name = ViewModelTests;
			productName = ViewModelTests;
			productReference = 30437BA020249B02005B9989 /* ViewModelTests.xctest */;
			productType = "com.apple.product-type.bundle.unit-test";
		};
		30437BB920249B12005B9989 /* VView */ = {
			isa = PBXNativeTarget;
			buildConfigurationList = 30437BD120249B12005B9989 /* Build configuration list for PBXNativeTarget "VView" */;
			buildPhases = (
				30437BB520249B12005B9989 /* Sources */,
				30437BB620249B12005B9989 /* Frameworks */,
				30437BB720249B12005B9989 /* Headers */,
				30437BB820249B12005B9989 /* Resources */,
			);
			buildRules = (
			);
			dependencies = (
				30437BDC20249C9F005B9989 /* PBXTargetDependency */,
			);
			name = VView;
			productName = View;
			productReference = 30437BBA20249B12005B9989 /* VView.framework */;
			productType = "com.apple.product-type.framework";
		};
		30437BC120249B12005B9989 /* VViewTests */ = {
			isa = PBXNativeTarget;
			buildConfigurationList = 30437BD420249B12005B9989 /* Build configuration list for PBXNativeTarget "VViewTests" */;
			buildPhases = (
				30437BBE20249B12005B9989 /* Sources */,
				30437BBF20249B12005B9989 /* Frameworks */,
				30437BC020249B12005B9989 /* Resources */,
				30437C0F2024A62F005B9989 /* Copy Frameworks */,
			);
			buildRules = (
			);
			dependencies = (
				30437BC520249B12005B9989 /* PBXTargetDependency */,
				30437BC720249B12005B9989 /* PBXTargetDependency */,
			);
			name = VViewTests;
			productName = ViewTests;
			productReference = 30437BC220249B12005B9989 /* VViewTests.xctest */;
			productType = "com.apple.product-type.bundle.unit-test";
		};
/* End PBXNativeTarget section */

/* Begin PBXProject section */
		30437B4520249A4E005B9989 /* Project object */ = {
			isa = PBXProject;
			attributes = {
				LastSwiftUpdateCheck = 0910;
				LastUpgradeCheck = 0910;
				ORGANIZATIONNAME = Collab;
				TargetAttributes = {
					301AA5042024ED3D00B53E15 = {
						CreatedOnToolsVersion = 9.1;
						ProvisioningStyle = Automatic;
					};
					301AA50C2024ED3D00B53E15 = {
						CreatedOnToolsVersion = 9.1;
						ProvisioningStyle = Automatic;
						TestTargetID = 30437B4C20249A4E005B9989;
					};
					30437B4C20249A4E005B9989 = {
						CreatedOnToolsVersion = 9.1;
						ProvisioningStyle = Automatic;
					};
					30437B6020249A4E005B9989 = {
						CreatedOnToolsVersion = 9.1;
						ProvisioningStyle = Automatic;
						TestTargetID = 30437B4C20249A4E005B9989;
					};
					30437B9720249B01005B9989 = {
						CreatedOnToolsVersion = 9.1;
						LastSwiftMigration = 0910;
						ProvisioningStyle = Automatic;
					};
					30437B9F20249B02005B9989 = {
						CreatedOnToolsVersion = 9.1;
						ProvisioningStyle = Automatic;
						TestTargetID = 30437B4C20249A4E005B9989;
					};
					30437BB920249B12005B9989 = {
						CreatedOnToolsVersion = 9.1;
						ProvisioningStyle = Automatic;
					};
					30437BC120249B12005B9989 = {
						CreatedOnToolsVersion = 9.1;
						ProvisioningStyle = Automatic;
						TestTargetID = 30437B4C20249A4E005B9989;
					};
				};
			};
			buildConfigurationList = 30437B4820249A4E005B9989 /* Build configuration list for PBXProject "Template" */;
			compatibilityVersion = "Xcode 8.0";
			developmentRegion = en;
			hasScannedForEncodings = 0;
			knownRegions = (
				en,
				Base,
			);
			mainGroup = 30437B4420249A4E005B9989;
			productRefGroup = 30437B4E20249A4E005B9989 /* Products */;
			projectDirPath = "";
			projectRoot = "";
			targets = (
				301AA5042024ED3D00B53E15 /* MModel */,
				30437B9720249B01005B9989 /* ViewModel */,
				30437BB920249B12005B9989 /* VView */,
				30437B4C20249A4E005B9989 /* Template */,
				30437B9F20249B02005B9989 /* ViewModelTests */,
				301AA50C2024ED3D00B53E15 /* MModelTests */,
				30437BC120249B12005B9989 /* VViewTests */,
				30437B6020249A4E005B9989 /* TemplateTests */,
			);
		};
/* End PBXProject section */

/* Begin PBXResourcesBuildPhase section */
		301AA5032024ED3D00B53E15 /* Resources */ = {
			isa = PBXResourcesBuildPhase;
			buildActionMask = 2147483647;
			files = (
			);
			runOnlyForDeploymentPostprocessing = 0;
		};
		301AA50B2024ED3D00B53E15 /* Resources */ = {
			isa = PBXResourcesBuildPhase;
			buildActionMask = 2147483647;
			files = (
			);
			runOnlyForDeploymentPostprocessing = 0;
		};
		30437B4B20249A4E005B9989 /* Resources */ = {
			isa = PBXResourcesBuildPhase;
			buildActionMask = 2147483647;
			files = (
				30437B5B20249A4E005B9989 /* LaunchScreen.storyboard in Resources */,
				30437B5820249A4E005B9989 /* Assets.xcassets in Resources */,
				30437B5620249A4E005B9989 /* Main.storyboard in Resources */,
			);
			runOnlyForDeploymentPostprocessing = 0;
		};
		30437B5F20249A4E005B9989 /* Resources */ = {
			isa = PBXResourcesBuildPhase;
			buildActionMask = 2147483647;
			files = (
			);
			runOnlyForDeploymentPostprocessing = 0;
		};
		30437B9620249B01005B9989 /* Resources */ = {
			isa = PBXResourcesBuildPhase;
			buildActionMask = 2147483647;
			files = (
			);
			runOnlyForDeploymentPostprocessing = 0;
		};
		30437B9E20249B02005B9989 /* Resources */ = {
			isa = PBXResourcesBuildPhase;
			buildActionMask = 2147483647;
			files = (
			);
			runOnlyForDeploymentPostprocessing = 0;
		};
		30437BB820249B12005B9989 /* Resources */ = {
			isa = PBXResourcesBuildPhase;
			buildActionMask = 2147483647;
			files = (
			);
			runOnlyForDeploymentPostprocessing = 0;
		};
		30437BC020249B12005B9989 /* Resources */ = {
			isa = PBXResourcesBuildPhase;
			buildActionMask = 2147483647;
			files = (
			);
			runOnlyForDeploymentPostprocessing = 0;
		};
/* End PBXResourcesBuildPhase section */

/* Begin PBXShellScriptBuildPhase section */
		30437C1C2024BDBB005B9989 /* Run Script for Frameworks by Carthage */ = {
			isa = PBXShellScriptBuildPhase;
			buildActionMask = 8;
			files = (
			);
			inputPaths = (
				"",
				"$(SRCROOT)/Carthage/Build/iOS/Alamofire.framework\n",
				"$(SRCROOT)/Carthage/Build/iOS/Himotoki.framework\n",
				"$(SRCROOT)/Carthage/Build/iOS/ReactiveCocoa.framework\n",
				"$(SRCROOT)/Carthage/Build/iOS/Result.framework\n",
				"$(SRCROOT)/Carthage/Build/iOS/Swinject.framework\n",
				"$(SRCROOT)/Carthage/Build/iOS/SwinjectStoryboard.framework",
				"$(SRCROOT)/Carthage/Build/iOS/ReactiveSwift.framework",
			);
			name = "Run Script for Frameworks by Carthage";
			outputPaths = (
			);
			runOnlyForDeploymentPostprocessing = 1;
			shellPath = /bin/sh;
			shellScript = "/usr/local/bin/carthage copy-frameworks";
		};
/* End PBXShellScriptBuildPhase section */

/* Begin PBXSourcesBuildPhase section */
		301AA5002024ED3D00B53E15 /* Sources */ = {
			isa = PBXSourcesBuildPhase;
			buildActionMask = 2147483647;
			files = (
				301AA5222024ED7000B53E15 /* Network.swift in Sources */,
				301AA54F2024FF5000B53E15 /* MModel.swift in Sources */,
				301AA54D2024FD6900B53E15 /* MModeling.swift in Sources */,
				301AA5232024ED7000B53E15 /* NetworkError.swift in Sources */,
				301AA5242024ED7000B53E15 /* Networking.swift in Sources */,
				301AA5252024ED7000B53E15 /* LocalizedString.swift in Sources */,
			);
			runOnlyForDeploymentPostprocessing = 0;
		};
		301AA5092024ED3D00B53E15 /* Sources */ = {
			isa = PBXSourcesBuildPhase;
			buildActionMask = 2147483647;
			files = (
				301AA5312024EDEB00B53E15 /* NetworkSpec.swift in Sources */,
				301AA5152024ED3D00B53E15 /* MModelTests.swift in Sources */,
			);
			runOnlyForDeploymentPostprocessing = 0;
		};
		30437B4920249A4E005B9989 /* Sources */ = {
			isa = PBXSourcesBuildPhase;
			buildActionMask = 2147483647;
			files = (
				30437B5120249A4E005B9989 /* AppDelegate.swift in Sources */,
			);
			runOnlyForDeploymentPostprocessing = 0;
		};
		30437B5D20249A4E005B9989 /* Sources */ = {
			isa = PBXSourcesBuildPhase;
			buildActionMask = 2147483647;
			files = (
				30437B6620249A4E005B9989 /* TemplateTests.swift in Sources */,
			);
			runOnlyForDeploymentPostprocessing = 0;
		};
		30437B9320249B01005B9989 /* Sources */ = {
			isa = PBXSourcesBuildPhase;
			buildActionMask = 2147483647;
			files = (
				301AA54A2024FC6A00B53E15 /* ViewModel.swift in Sources */,
				301AA5482024FC3100B53E15 /* ViewModeling.swift in Sources */,
			);
			runOnlyForDeploymentPostprocessing = 0;
		};
		30437B9C20249B02005B9989 /* Sources */ = {
			isa = PBXSourcesBuildPhase;
			buildActionMask = 2147483647;
			files = (
				30437BA820249B02005B9989 /* ViewModelTests.swift in Sources */,
			);
			runOnlyForDeploymentPostprocessing = 0;
		};
		30437BB520249B12005B9989 /* Sources */ = {
			isa = PBXSourcesBuildPhase;
			buildActionMask = 2147483647;
			files = (
				301AA5512025043A00B53E15 /* MyViewController.swift in Sources */,
			);
			runOnlyForDeploymentPostprocessing = 0;
		};
		30437BBE20249B12005B9989 /* Sources */ = {
			isa = PBXSourcesBuildPhase;
			buildActionMask = 2147483647;
			files = (
				30437BCA20249B12005B9989 /* VViewTests.swift in Sources */,
			);
			runOnlyForDeploymentPostprocessing = 0;
		};
/* End PBXSourcesBuildPhase section */

/* Begin PBXTargetDependency section */
		301AA5102024ED3D00B53E15 /* PBXTargetDependency */ = {
			isa = PBXTargetDependency;
			target = 301AA5042024ED3D00B53E15 /* MModel */;
			targetProxy = 301AA50F2024ED3D00B53E15 /* PBXContainerItemProxy */;
		};
		301AA5122024ED3D00B53E15 /* PBXTargetDependency */ = {
			isa = PBXTargetDependency;
			target = 30437B4C20249A4E005B9989 /* Template */;
			targetProxy = 301AA5112024ED3D00B53E15 /* PBXContainerItemProxy */;
		};
		301AA5192024ED3D00B53E15 /* PBXTargetDependency */ = {
			isa = PBXTargetDependency;
			target = 301AA5042024ED3D00B53E15 /* MModel */;
			targetProxy = 301AA5182024ED3D00B53E15 /* PBXContainerItemProxy */;
		};
		301AA52F2024EDC200B53E15 /* PBXTargetDependency */ = {
			isa = PBXTargetDependency;
			target = 301AA5042024ED3D00B53E15 /* MModel */;
			targetProxy = 301AA52E2024EDC200B53E15 /* PBXContainerItemProxy */;
		};
		30437B6320249A4E005B9989 /* PBXTargetDependency */ = {
			isa = PBXTargetDependency;
			target = 30437B4C20249A4E005B9989 /* Template */;
			targetProxy = 30437B6220249A4E005B9989 /* PBXContainerItemProxy */;
		};
		30437BA320249B02005B9989 /* PBXTargetDependency */ = {
			isa = PBXTargetDependency;
			target = 30437B9720249B01005B9989 /* ViewModel */;
			targetProxy = 30437BA220249B02005B9989 /* PBXContainerItemProxy */;
		};
		30437BA520249B02005B9989 /* PBXTargetDependency */ = {
			isa = PBXTargetDependency;
			target = 30437B4C20249A4E005B9989 /* Template */;
			targetProxy = 30437BA420249B02005B9989 /* PBXContainerItemProxy */;
		};
		30437BAC20249B02005B9989 /* PBXTargetDependency */ = {
			isa = PBXTargetDependency;
			target = 30437B9720249B01005B9989 /* ViewModel */;
			targetProxy = 30437BAB20249B02005B9989 /* PBXContainerItemProxy */;
		};
		30437BC520249B12005B9989 /* PBXTargetDependency */ = {
			isa = PBXTargetDependency;
			target = 30437BB920249B12005B9989 /* VView */;
			targetProxy = 30437BC420249B12005B9989 /* PBXContainerItemProxy */;
		};
		30437BC720249B12005B9989 /* PBXTargetDependency */ = {
			isa = PBXTargetDependency;
			target = 30437B4C20249A4E005B9989 /* Template */;
			targetProxy = 30437BC620249B12005B9989 /* PBXContainerItemProxy */;
		};
		30437BCE20249B12005B9989 /* PBXTargetDependency */ = {
			isa = PBXTargetDependency;
			target = 30437BB920249B12005B9989 /* VView */;
			targetProxy = 30437BCD20249B12005B9989 /* PBXContainerItemProxy */;
		};
		30437BDC20249C9F005B9989 /* PBXTargetDependency */ = {
			isa = PBXTargetDependency;
			target = 30437B9720249B01005B9989 /* ViewModel */;
			targetProxy = 30437BDB20249C9F005B9989 /* PBXContainerItemProxy */;
		};
/* End PBXTargetDependency section */

/* Begin PBXVariantGroup section */
		30437B5420249A4E005B9989 /* Main.storyboard */ = {
			isa = PBXVariantGroup;
			children = (
				30437B5520249A4E005B9989 /* Base */,
			);
			name = Main.storyboard;
			sourceTree = "<group>";
		};
		30437B5920249A4E005B9989 /* LaunchScreen.storyboard */ = {
			isa = PBXVariantGroup;
			children = (
				30437B5A20249A4E005B9989 /* Base */,
			);
			name = LaunchScreen.storyboard;
			sourceTree = "<group>";
		};
/* End PBXVariantGroup section */

/* Begin XCBuildConfiguration section */
		301AA51D2024ED3D00B53E15 /* Debug */ = {
			isa = XCBuildConfiguration;
			buildSettings = {
				CODE_SIGN_IDENTITY = "";
				CODE_SIGN_STYLE = Automatic;
				CURRENT_PROJECT_VERSION = 1;
				DEFINES_MODULE = YES;
				DEVELOPMENT_TEAM = C3SF745866;
				DYLIB_COMPATIBILITY_VERSION = 1;
				DYLIB_CURRENT_VERSION = 1;
				DYLIB_INSTALL_NAME_BASE = "@rpath";
				FRAMEWORK_SEARCH_PATHS = (
					"$(inherited)",
					"$(PROJECT_DIR)/Carthage/Build/iOS",
				);
				INFOPLIST_FILE = MModel/Info.plist;
				INSTALL_PATH = "$(LOCAL_LIBRARY_DIR)/Frameworks";
				IPHONEOS_DEPLOYMENT_TARGET = 9.0;
				LD_RUNPATH_SEARCH_PATHS = "$(inherited) @executable_path/Frameworks @loader_path/Frameworks";
				PRODUCT_BUNDLE_IDENTIFIER = collab.com.Template.MModel;
				PRODUCT_NAME = "$(TARGET_NAME:c99extidentifier)";
				SKIP_INSTALL = YES;
				SWIFT_VERSION = 4.0;
				TARGETED_DEVICE_FAMILY = 1;
				VERSIONING_SYSTEM = "apple-generic";
				VERSION_INFO_PREFIX = "";
			};
			name = Debug;
		};
		301AA51E2024ED3D00B53E15 /* Release */ = {
			isa = XCBuildConfiguration;
			buildSettings = {
				CODE_SIGN_IDENTITY = "";
				CODE_SIGN_STYLE = Automatic;
				CURRENT_PROJECT_VERSION = 1;
				DEFINES_MODULE = YES;
				DEVELOPMENT_TEAM = C3SF745866;
				DYLIB_COMPATIBILITY_VERSION = 1;
				DYLIB_CURRENT_VERSION = 1;
				DYLIB_INSTALL_NAME_BASE = "@rpath";
				FRAMEWORK_SEARCH_PATHS = (
					"$(inherited)",
					"$(PROJECT_DIR)/Carthage/Build/iOS",
				);
				INFOPLIST_FILE = MModel/Info.plist;
				INSTALL_PATH = "$(LOCAL_LIBRARY_DIR)/Frameworks";
				IPHONEOS_DEPLOYMENT_TARGET = 9.0;
				LD_RUNPATH_SEARCH_PATHS = "$(inherited) @executable_path/Frameworks @loader_path/Frameworks";
				PRODUCT_BUNDLE_IDENTIFIER = collab.com.Template.MModel;
				PRODUCT_NAME = "$(TARGET_NAME:c99extidentifier)";
				SKIP_INSTALL = YES;
				SWIFT_VERSION = 4.0;
				TARGETED_DEVICE_FAMILY = 1;
				VERSIONING_SYSTEM = "apple-generic";
				VERSION_INFO_PREFIX = "";
			};
			name = Release;
		};
		301AA5202024ED3D00B53E15 /* Debug */ = {
			isa = XCBuildConfiguration;
			buildSettings = {
				ALWAYS_EMBED_SWIFT_STANDARD_LIBRARIES = YES;
				CODE_SIGN_STYLE = Automatic;
				DEVELOPMENT_TEAM = C3SF745866;
				FRAMEWORK_SEARCH_PATHS = (
					"$(inherited)",
					"$(PROJECT_DIR)/Carthage/Build/iOS",
				);
				INFOPLIST_FILE = Test/MModelTests/Info.plist;
				LD_RUNPATH_SEARCH_PATHS = "$(inherited) @executable_path/Frameworks @loader_path/Frameworks";
				PRODUCT_BUNDLE_IDENTIFIER = collab.com.Template.MModelTests;
				PRODUCT_NAME = "$(TARGET_NAME)";
				SWIFT_VERSION = 4.0;
				TARGETED_DEVICE_FAMILY = "1,2";
				TEST_HOST = "$(BUILT_PRODUCTS_DIR)/Template.app/Template";
			};
			name = Debug;
		};
		301AA5212024ED3D00B53E15 /* Release */ = {
			isa = XCBuildConfiguration;
			buildSettings = {
				ALWAYS_EMBED_SWIFT_STANDARD_LIBRARIES = YES;
				CODE_SIGN_STYLE = Automatic;
				DEVELOPMENT_TEAM = C3SF745866;
				FRAMEWORK_SEARCH_PATHS = (
					"$(inherited)",
					"$(PROJECT_DIR)/Carthage/Build/iOS",
				);
				INFOPLIST_FILE = Test/MModelTests/Info.plist;
				LD_RUNPATH_SEARCH_PATHS = "$(inherited) @executable_path/Frameworks @loader_path/Frameworks";
				PRODUCT_BUNDLE_IDENTIFIER = collab.com.Template.MModelTests;
				PRODUCT_NAME = "$(TARGET_NAME)";
				SWIFT_VERSION = 4.0;
				TARGETED_DEVICE_FAMILY = "1,2";
				TEST_HOST = "$(BUILT_PRODUCTS_DIR)/Template.app/Template";
			};
			name = Release;
		};
		30437B6820249A4E005B9989 /* Debug */ = {
			isa = XCBuildConfiguration;
			buildSettings = {
				ALWAYS_SEARCH_USER_PATHS = NO;
				CLANG_ANALYZER_NONNULL = YES;
				CLANG_ANALYZER_NUMBER_OBJECT_CONVERSION = YES_AGGRESSIVE;
				CLANG_CXX_LANGUAGE_STANDARD = "gnu++14";
				CLANG_CXX_LIBRARY = "libc++";
				CLANG_ENABLE_MODULES = YES;
				CLANG_ENABLE_OBJC_ARC = YES;
				CLANG_WARN_BLOCK_CAPTURE_AUTORELEASING = YES;
				CLANG_WARN_BOOL_CONVERSION = YES;
				CLANG_WARN_COMMA = YES;
				CLANG_WARN_CONSTANT_CONVERSION = YES;
				CLANG_WARN_DIRECT_OBJC_ISA_USAGE = YES_ERROR;
				CLANG_WARN_DOCUMENTATION_COMMENTS = YES;
				CLANG_WARN_EMPTY_BODY = YES;
				CLANG_WARN_ENUM_CONVERSION = YES;
				CLANG_WARN_INFINITE_RECURSION = YES;
				CLANG_WARN_INT_CONVERSION = YES;
				CLANG_WARN_NON_LITERAL_NULL_CONVERSION = YES;
				CLANG_WARN_OBJC_LITERAL_CONVERSION = YES;
				CLANG_WARN_OBJC_ROOT_CLASS = YES_ERROR;
				CLANG_WARN_RANGE_LOOP_ANALYSIS = YES;
				CLANG_WARN_STRICT_PROTOTYPES = YES;
				CLANG_WARN_SUSPICIOUS_MOVE = YES;
				CLANG_WARN_UNGUARDED_AVAILABILITY = YES_AGGRESSIVE;
				CLANG_WARN_UNREACHABLE_CODE = YES;
				CLANG_WARN__DUPLICATE_METHOD_MATCH = YES;
				CODE_SIGN_IDENTITY = "iPhone Developer";
				COPY_PHASE_STRIP = NO;
				DEBUG_INFORMATION_FORMAT = dwarf;
				ENABLE_STRICT_OBJC_MSGSEND = YES;
				ENABLE_TESTABILITY = YES;
				GCC_C_LANGUAGE_STANDARD = gnu11;
				GCC_DYNAMIC_NO_PIC = NO;
				GCC_NO_COMMON_BLOCKS = YES;
				GCC_OPTIMIZATION_LEVEL = 0;
				GCC_PREPROCESSOR_DEFINITIONS = (
					"DEBUG=1",
					"$(inherited)",
				);
				GCC_WARN_64_TO_32_BIT_CONVERSION = YES;
				GCC_WARN_ABOUT_RETURN_TYPE = YES_ERROR;
				GCC_WARN_UNDECLARED_SELECTOR = YES;
				GCC_WARN_UNINITIALIZED_AUTOS = YES_AGGRESSIVE;
				GCC_WARN_UNUSED_FUNCTION = YES;
				GCC_WARN_UNUSED_VARIABLE = YES;
				IPHONEOS_DEPLOYMENT_TARGET = 11.1;
				MTL_ENABLE_DEBUG_INFO = YES;
				ONLY_ACTIVE_ARCH = YES;
				SDKROOT = iphoneos;
				SWIFT_ACTIVE_COMPILATION_CONDITIONS = DEBUG;
				SWIFT_OPTIMIZATION_LEVEL = "-Onone";
			};
			name = Debug;
		};
		30437B6920249A4E005B9989 /* Release */ = {
			isa = XCBuildConfiguration;
			buildSettings = {
				ALWAYS_SEARCH_USER_PATHS = NO;
				CLANG_ANALYZER_NONNULL = YES;
				CLANG_ANALYZER_NUMBER_OBJECT_CONVERSION = YES_AGGRESSIVE;
				CLANG_CXX_LANGUAGE_STANDARD = "gnu++14";
				CLANG_CXX_LIBRARY = "libc++";
				CLANG_ENABLE_MODULES = YES;
				CLANG_ENABLE_OBJC_ARC = YES;
				CLANG_WARN_BLOCK_CAPTURE_AUTORELEASING = YES;
				CLANG_WARN_BOOL_CONVERSION = YES;
				CLANG_WARN_COMMA = YES;
				CLANG_WARN_CONSTANT_CONVERSION = YES;
				CLANG_WARN_DIRECT_OBJC_ISA_USAGE = YES_ERROR;
				CLANG_WARN_DOCUMENTATION_COMMENTS = YES;
				CLANG_WARN_EMPTY_BODY = YES;
				CLANG_WARN_ENUM_CONVERSION = YES;
				CLANG_WARN_INFINITE_RECURSION = YES;
				CLANG_WARN_INT_CONVERSION = YES;
				CLANG_WARN_NON_LITERAL_NULL_CONVERSION = YES;
				CLANG_WARN_OBJC_LITERAL_CONVERSION = YES;
				CLANG_WARN_OBJC_ROOT_CLASS = YES_ERROR;
				CLANG_WARN_RANGE_LOOP_ANALYSIS = YES;
				CLANG_WARN_STRICT_PROTOTYPES = YES;
				CLANG_WARN_SUSPICIOUS_MOVE = YES;
				CLANG_WARN_UNGUARDED_AVAILABILITY = YES_AGGRESSIVE;
				CLANG_WARN_UNREACHABLE_CODE = YES;
				CLANG_WARN__DUPLICATE_METHOD_MATCH = YES;
				CODE_SIGN_IDENTITY = "iPhone Developer";
				COPY_PHASE_STRIP = NO;
				DEBUG_INFORMATION_FORMAT = "dwarf-with-dsym";
				ENABLE_NS_ASSERTIONS = NO;
				ENABLE_STRICT_OBJC_MSGSEND = YES;
				GCC_C_LANGUAGE_STANDARD = gnu11;
				GCC_NO_COMMON_BLOCKS = YES;
				GCC_WARN_64_TO_32_BIT_CONVERSION = YES;
				GCC_WARN_ABOUT_RETURN_TYPE = YES_ERROR;
				GCC_WARN_UNDECLARED_SELECTOR = YES;
				GCC_WARN_UNINITIALIZED_AUTOS = YES_AGGRESSIVE;
				GCC_WARN_UNUSED_FUNCTION = YES;
				GCC_WARN_UNUSED_VARIABLE = YES;
				IPHONEOS_DEPLOYMENT_TARGET = 11.1;
				MTL_ENABLE_DEBUG_INFO = NO;
				SDKROOT = iphoneos;
				SWIFT_OPTIMIZATION_LEVEL = "-Owholemodule";
				VALIDATE_PRODUCT = YES;
			};
			name = Release;
		};
		30437B6B20249A4E005B9989 /* Debug */ = {
			isa = XCBuildConfiguration;
			buildSettings = {
				ALWAYS_EMBED_SWIFT_STANDARD_LIBRARIES = YES;
				ASSETCATALOG_COMPILER_APPICON_NAME = AppIcon;
				CODE_SIGN_STYLE = Automatic;
				DEVELOPMENT_TEAM = C3SF745866;
				FRAMEWORK_SEARCH_PATHS = (
					"$(inherited)",
					"$(PROJECT_DIR)/Carthage/Build/iOS",
				);
				INFOPLIST_FILE = Template/Info.plist;
				IPHONEOS_DEPLOYMENT_TARGET = 9.0;
				LD_RUNPATH_SEARCH_PATHS = "$(inherited) @executable_path/Frameworks";
				PRODUCT_BUNDLE_IDENTIFIER = collab.com.Template.Template;
				PRODUCT_NAME = "$(TARGET_NAME)";
				SWIFT_VERSION = 4.0;
				TARGETED_DEVICE_FAMILY = 1;
			};
			name = Debug;
		};
		30437B6C20249A4E005B9989 /* Release */ = {
			isa = XCBuildConfiguration;
			buildSettings = {
				ALWAYS_EMBED_SWIFT_STANDARD_LIBRARIES = YES;
				ASSETCATALOG_COMPILER_APPICON_NAME = AppIcon;
				CODE_SIGN_STYLE = Automatic;
				DEVELOPMENT_TEAM = C3SF745866;
				FRAMEWORK_SEARCH_PATHS = (
					"$(inherited)",
					"$(PROJECT_DIR)/Carthage/Build/iOS",
				);
				INFOPLIST_FILE = Template/Info.plist;
				IPHONEOS_DEPLOYMENT_TARGET = 9.0;
				LD_RUNPATH_SEARCH_PATHS = "$(inherited) @executable_path/Frameworks";
				PRODUCT_BUNDLE_IDENTIFIER = collab.com.Template.Template;
				PRODUCT_NAME = "$(TARGET_NAME)";
				SWIFT_VERSION = 4.0;
				TARGETED_DEVICE_FAMILY = 1;
			};
			name = Release;
		};
		30437B6E20249A4E005B9989 /* Debug */ = {
			isa = XCBuildConfiguration;
			buildSettings = {
				ALWAYS_EMBED_SWIFT_STANDARD_LIBRARIES = YES;
				BUNDLE_LOADER = "$(TEST_HOST)";
				CODE_SIGN_STYLE = Automatic;
				DEVELOPMENT_TEAM = C3SF745866;
				FRAMEWORK_SEARCH_PATHS = (
					"$(inherited)",
					"$(PROJECT_DIR)/Carthage/Build/iOS",
				);
				INFOPLIST_FILE = Test/TemplateTests/Info.plist;
				LD_RUNPATH_SEARCH_PATHS = "$(inherited) @executable_path/Frameworks @loader_path/Frameworks";
				PRODUCT_BUNDLE_IDENTIFIER = collab.com.Template.TemplateTests;
				PRODUCT_NAME = "$(TARGET_NAME)";
				SWIFT_VERSION = 4.0;
				TARGETED_DEVICE_FAMILY = "1,2";
				TEST_HOST = "$(BUILT_PRODUCTS_DIR)/Template.app/Template";
			};
			name = Debug;
		};
		30437B6F20249A4E005B9989 /* Release */ = {
			isa = XCBuildConfiguration;
			buildSettings = {
				ALWAYS_EMBED_SWIFT_STANDARD_LIBRARIES = YES;
				BUNDLE_LOADER = "$(TEST_HOST)";
				CODE_SIGN_STYLE = Automatic;
				DEVELOPMENT_TEAM = C3SF745866;
				FRAMEWORK_SEARCH_PATHS = (
					"$(inherited)",
					"$(PROJECT_DIR)/Carthage/Build/iOS",
				);
				INFOPLIST_FILE = Test/TemplateTests/Info.plist;
				LD_RUNPATH_SEARCH_PATHS = "$(inherited) @executable_path/Frameworks @loader_path/Frameworks";
				PRODUCT_BUNDLE_IDENTIFIER = collab.com.Template.TemplateTests;
				PRODUCT_NAME = "$(TARGET_NAME)";
				SWIFT_VERSION = 4.0;
				TARGETED_DEVICE_FAMILY = "1,2";
				TEST_HOST = "$(BUILT_PRODUCTS_DIR)/Template.app/Template";
			};
			name = Release;
		};
		30437BB020249B02005B9989 /* Debug */ = {
			isa = XCBuildConfiguration;
			buildSettings = {
				CLANG_ENABLE_MODULES = YES;
				CODE_SIGN_IDENTITY = "";
				CODE_SIGN_STYLE = Automatic;
				CURRENT_PROJECT_VERSION = 1;
				DEFINES_MODULE = YES;
				DEVELOPMENT_TEAM = C3SF745866;
				DYLIB_COMPATIBILITY_VERSION = 1;
				DYLIB_CURRENT_VERSION = 1;
				DYLIB_INSTALL_NAME_BASE = "@rpath";
				FRAMEWORK_SEARCH_PATHS = (
					"$(inherited)",
					"$(PROJECT_DIR)/Carthage/Build/iOS",
				);
				INFOPLIST_FILE = ViewModel/Info.plist;
				INSTALL_PATH = "$(LOCAL_LIBRARY_DIR)/Frameworks";
				IPHONEOS_DEPLOYMENT_TARGET = 9.0;
				LD_RUNPATH_SEARCH_PATHS = "$(inherited) @executable_path/Frameworks @loader_path/Frameworks";
				PRODUCT_BUNDLE_IDENTIFIER = collab.com.Template.ViewModel;
				PRODUCT_NAME = "$(TARGET_NAME:c99extidentifier)";
				SKIP_INSTALL = YES;
				SWIFT_OPTIMIZATION_LEVEL = "-Onone";
				SWIFT_VERSION = 4.0;
				TARGETED_DEVICE_FAMILY = 1;
				VERSIONING_SYSTEM = "apple-generic";
				VERSION_INFO_PREFIX = "";
			};
			name = Debug;
		};
		30437BB120249B02005B9989 /* Release */ = {
			isa = XCBuildConfiguration;
			buildSettings = {
				CLANG_ENABLE_MODULES = YES;
				CODE_SIGN_IDENTITY = "";
				CODE_SIGN_STYLE = Automatic;
				CURRENT_PROJECT_VERSION = 1;
				DEFINES_MODULE = YES;
				DEVELOPMENT_TEAM = C3SF745866;
				DYLIB_COMPATIBILITY_VERSION = 1;
				DYLIB_CURRENT_VERSION = 1;
				DYLIB_INSTALL_NAME_BASE = "@rpath";
				FRAMEWORK_SEARCH_PATHS = (
					"$(inherited)",
					"$(PROJECT_DIR)/Carthage/Build/iOS",
				);
				INFOPLIST_FILE = ViewModel/Info.plist;
				INSTALL_PATH = "$(LOCAL_LIBRARY_DIR)/Frameworks";
				IPHONEOS_DEPLOYMENT_TARGET = 9.0;
				LD_RUNPATH_SEARCH_PATHS = "$(inherited) @executable_path/Frameworks @loader_path/Frameworks";
				PRODUCT_BUNDLE_IDENTIFIER = collab.com.Template.ViewModel;
				PRODUCT_NAME = "$(TARGET_NAME:c99extidentifier)";
				SKIP_INSTALL = YES;
				SWIFT_VERSION = 4.0;
				TARGETED_DEVICE_FAMILY = 1;
				VERSIONING_SYSTEM = "apple-generic";
				VERSION_INFO_PREFIX = "";
			};
			name = Release;
		};
		30437BB320249B02005B9989 /* Debug */ = {
			isa = XCBuildConfiguration;
			buildSettings = {
				ALWAYS_EMBED_SWIFT_STANDARD_LIBRARIES = YES;
				CODE_SIGN_STYLE = Automatic;
				DEVELOPMENT_TEAM = C3SF745866;
				FRAMEWORK_SEARCH_PATHS = (
					"$(inherited)",
					"$(PROJECT_DIR)/Carthage/Build/iOS",
				);
				INFOPLIST_FILE = Test/ViewModelTests/Info.plist;
				LD_RUNPATH_SEARCH_PATHS = "$(inherited) @executable_path/Frameworks @loader_path/Frameworks";
				PRODUCT_BUNDLE_IDENTIFIER = collab.com.Template.ViewModelTests;
				PRODUCT_NAME = "$(TARGET_NAME)";
				SWIFT_VERSION = 4.0;
				TARGETED_DEVICE_FAMILY = "1,2";
				TEST_HOST = "$(BUILT_PRODUCTS_DIR)/Template.app/Template";
			};
			name = Debug;
		};
		30437BB420249B02005B9989 /* Release */ = {
			isa = XCBuildConfiguration;
			buildSettings = {
				ALWAYS_EMBED_SWIFT_STANDARD_LIBRARIES = YES;
				CODE_SIGN_STYLE = Automatic;
				DEVELOPMENT_TEAM = C3SF745866;
				FRAMEWORK_SEARCH_PATHS = (
					"$(inherited)",
					"$(PROJECT_DIR)/Carthage/Build/iOS",
				);
				INFOPLIST_FILE = Test/ViewModelTests/Info.plist;
				LD_RUNPATH_SEARCH_PATHS = "$(inherited) @executable_path/Frameworks @loader_path/Frameworks";
				PRODUCT_BUNDLE_IDENTIFIER = collab.com.Template.ViewModelTests;
				PRODUCT_NAME = "$(TARGET_NAME)";
				SWIFT_VERSION = 4.0;
				TARGETED_DEVICE_FAMILY = "1,2";
				TEST_HOST = "$(BUILT_PRODUCTS_DIR)/Template.app/Template";
			};
			name = Release;
		};
		30437BD220249B12005B9989 /* Debug */ = {
			isa = XCBuildConfiguration;
			buildSettings = {
				CODE_SIGN_IDENTITY = "";
				CODE_SIGN_STYLE = Automatic;
				CURRENT_PROJECT_VERSION = 1;
				DEFINES_MODULE = YES;
				DEVELOPMENT_TEAM = C3SF745866;
				DYLIB_COMPATIBILITY_VERSION = 1;
				DYLIB_CURRENT_VERSION = 1;
				DYLIB_INSTALL_NAME_BASE = "@rpath";
				FRAMEWORK_SEARCH_PATHS = (
					"$(inherited)",
					"$(PROJECT_DIR)/Carthage/Build/iOS",
				);
				INFOPLIST_FILE = VView/Info.plist;
				INSTALL_PATH = "$(LOCAL_LIBRARY_DIR)/Frameworks";
				IPHONEOS_DEPLOYMENT_TARGET = 9.0;
				LD_RUNPATH_SEARCH_PATHS = "$(inherited) @executable_path/Frameworks @loader_path/Frameworks";
				PRODUCT_BUNDLE_IDENTIFIER = collab.com.Template.VView;
				PRODUCT_NAME = "$(TARGET_NAME:c99extidentifier)";
				SKIP_INSTALL = YES;
				SWIFT_VERSION = 4.0;
				TARGETED_DEVICE_FAMILY = 1;
				VERSIONING_SYSTEM = "apple-generic";
				VERSION_INFO_PREFIX = "";
			};
			name = Debug;
		};
		30437BD320249B12005B9989 /* Release */ = {
			isa = XCBuildConfiguration;
			buildSettings = {
				CODE_SIGN_IDENTITY = "";
				CODE_SIGN_STYLE = Automatic;
				CURRENT_PROJECT_VERSION = 1;
				DEFINES_MODULE = YES;
				DEVELOPMENT_TEAM = C3SF745866;
				DYLIB_COMPATIBILITY_VERSION = 1;
				DYLIB_CURRENT_VERSION = 1;
				DYLIB_INSTALL_NAME_BASE = "@rpath";
				FRAMEWORK_SEARCH_PATHS = (
					"$(inherited)",
					"$(PROJECT_DIR)/Carthage/Build/iOS",
				);
				INFOPLIST_FILE = VView/Info.plist;
				INSTALL_PATH = "$(LOCAL_LIBRARY_DIR)/Frameworks";
				IPHONEOS_DEPLOYMENT_TARGET = 9.0;
				LD_RUNPATH_SEARCH_PATHS = "$(inherited) @executable_path/Frameworks @loader_path/Frameworks";
				PRODUCT_BUNDLE_IDENTIFIER = collab.com.Template.VView;
				PRODUCT_NAME = "$(TARGET_NAME:c99extidentifier)";
				SKIP_INSTALL = YES;
				SWIFT_VERSION = 4.0;
				TARGETED_DEVICE_FAMILY = 1;
				VERSIONING_SYSTEM = "apple-generic";
				VERSION_INFO_PREFIX = "";
			};
			name = Release;
		};
		30437BD520249B12005B9989 /* Debug */ = {
			isa = XCBuildConfiguration;
			buildSettings = {
				ALWAYS_EMBED_SWIFT_STANDARD_LIBRARIES = YES;
				CODE_SIGN_STYLE = Automatic;
				DEVELOPMENT_TEAM = C3SF745866;
				FRAMEWORK_SEARCH_PATHS = (
					"$(inherited)",
					"$(PROJECT_DIR)/Carthage/Build/iOS",
				);
				INFOPLIST_FILE = Test/VViewTests/Info.plist;
				LD_RUNPATH_SEARCH_PATHS = "$(inherited) @executable_path/Frameworks @loader_path/Frameworks";
				PRODUCT_BUNDLE_IDENTIFIER = collab.com.Template.ViewTests;
				PRODUCT_NAME = "$(TARGET_NAME)";
				SWIFT_VERSION = 4.0;
				TARGETED_DEVICE_FAMILY = "1,2";
				TEST_HOST = "$(BUILT_PRODUCTS_DIR)/Template.app/Template";
			};
			name = Debug;
		};
		30437BD620249B12005B9989 /* Release */ = {
			isa = XCBuildConfiguration;
			buildSettings = {
				ALWAYS_EMBED_SWIFT_STANDARD_LIBRARIES = YES;
				CODE_SIGN_STYLE = Automatic;
				DEVELOPMENT_TEAM = C3SF745866;
				FRAMEWORK_SEARCH_PATHS = (
					"$(inherited)",
					"$(PROJECT_DIR)/Carthage/Build/iOS",
				);
				INFOPLIST_FILE = Test/VViewTests/Info.plist;
				LD_RUNPATH_SEARCH_PATHS = "$(inherited) @executable_path/Frameworks @loader_path/Frameworks";
				PRODUCT_BUNDLE_IDENTIFIER = collab.com.Template.ViewTests;
				PRODUCT_NAME = "$(TARGET_NAME)";
				SWIFT_VERSION = 4.0;
				TARGETED_DEVICE_FAMILY = "1,2";
				TEST_HOST = "$(BUILT_PRODUCTS_DIR)/Template.app/Template";
			};
			name = Release;
		};
/* End XCBuildConfiguration section */

/* Begin XCConfigurationList section */
		301AA51C2024ED3D00B53E15 /* Build configuration list for PBXNativeTarget "MModel" */ = {
			isa = XCConfigurationList;
			buildConfigurations = (
				301AA51D2024ED3D00B53E15 /* Debug */,
				301AA51E2024ED3D00B53E15 /* Release */,
			);
			defaultConfigurationIsVisible = 0;
			defaultConfigurationName = Release;
		};
		301AA51F2024ED3D00B53E15 /* Build configuration list for PBXNativeTarget "MModelTests" */ = {
			isa = XCConfigurationList;
			buildConfigurations = (
				301AA5202024ED3D00B53E15 /* Debug */,
				301AA5212024ED3D00B53E15 /* Release */,
			);
			defaultConfigurationIsVisible = 0;
			defaultConfigurationName = Release;
		};
		30437B4820249A4E005B9989 /* Build configuration list for PBXProject "Template" */ = {
			isa = XCConfigurationList;
			buildConfigurations = (
				30437B6820249A4E005B9989 /* Debug */,
				30437B6920249A4E005B9989 /* Release */,
			);
			defaultConfigurationIsVisible = 0;
			defaultConfigurationName = Release;
		};
		30437B6A20249A4E005B9989 /* Build configuration list for PBXNativeTarget "Template" */ = {
			isa = XCConfigurationList;
			buildConfigurations = (
				30437B6B20249A4E005B9989 /* Debug */,
				30437B6C20249A4E005B9989 /* Release */,
			);
			defaultConfigurationIsVisible = 0;
			defaultConfigurationName = Release;
		};
		30437B6D20249A4E005B9989 /* Build configuration list for PBXNativeTarget "TemplateTests" */ = {
			isa = XCConfigurationList;
			buildConfigurations = (
				30437B6E20249A4E005B9989 /* Debug */,
				30437B6F20249A4E005B9989 /* Release */,
			);
			defaultConfigurationIsVisible = 0;
			defaultConfigurationName = Release;
		};
		30437BAF20249B02005B9989 /* Build configuration list for PBXNativeTarget "ViewModel" */ = {
			isa = XCConfigurationList;
			buildConfigurations = (
				30437BB020249B02005B9989 /* Debug */,
				30437BB120249B02005B9989 /* Release */,
			);
			defaultConfigurationIsVisible = 0;
			defaultConfigurationName = Release;
		};
		30437BB220249B02005B9989 /* Build configuration list for PBXNativeTarget "ViewModelTests" */ = {
			isa = XCConfigurationList;
			buildConfigurations = (
				30437BB320249B02005B9989 /* Debug */,
				30437BB420249B02005B9989 /* Release */,
			);
			defaultConfigurationIsVisible = 0;
			defaultConfigurationName = Release;
		};
		30437BD120249B12005B9989 /* Build configuration list for PBXNativeTarget "VView" */ = {
			isa = XCConfigurationList;
			buildConfigurations = (
				30437BD220249B12005B9989 /* Debug */,
				30437BD320249B12005B9989 /* Release */,
			);
			defaultConfigurationIsVisible = 0;
			defaultConfigurationName = Release;
		};
		30437BD420249B12005B9989 /* Build configuration list for PBXNativeTarget "VViewTests" */ = {
			isa = XCConfigurationList;
			buildConfigurations = (
				30437BD520249B12005B9989 /* Debug */,
				30437BD620249B12005B9989 /* Release */,
			);
			defaultConfigurationIsVisible = 0;
			defaultConfigurationName = Release;
		};
/* End XCConfigurationList section */
	};
	rootObject = 30437B4520249A4E005B9989 /* Project object */;
}
